Microsoft Visual Studio Solution File, Format Version 12.00
# Visual Studio Version 17
VisualStudioVersion = 17.7.34202.233
MinimumVisualStudioVersion = 16.0.0.0
Project("{9A19103F-16F7-4668-BE54-9A1E7A4F7556}") = "Pomodorium.Server", "src\Server\Pomodorium.Server.csproj", "{BEFBBFC0-EB8A-422A-9826-07927C7E23A5}"
EndProject
Project("{9A19103F-16F7-4668-BE54-9A1E7A4F7556}") = "Pomodorium.Client", "src\Client\Pomodorium.Client.csproj", "{995AC0FF-9DD2-4E8E-BBFA-6E65D0CC7847}"
EndProject
Project("{9A19103F-16F7-4668-BE54-9A1E7A4F7556}") = "Pomodorium.Shared", "src\Shared\Pomodorium.Shared.csproj", "{F63FB81D-C1E4-4842-975A-4519D5BAE9A7}"
EndProject
Project("{9A19103F-16F7-4668-BE54-9A1E7A4F7556}") = "System.Extensions", "packages\System.Extensions\System.Extensions.csproj", "{6B2303A3-5733-46E6-9395-32AA5A64EE67}"
EndProject
Project("{2150E333-8FDC-42A3-9474-1A3956D46DE8}") = "1 - Presentation", "1 - Presentation", "{361D4A0B-E63F-43B9-8DAD-BB16C6604867}"
EndProject
Project("{2150E333-8FDC-42A3-9474-1A3956D46DE8}") = "2 - Application", "2 - Application", "{1A2B9716-F138-4889-9AE8-39438830950D}"
EndProject
Project("{2150E333-8FDC-42A3-9474-1A3956D46DE8}") = "3 - Domain", "3 - Domain", "{C144FAF3-EF5D-48D4-8DC2-014E770A56AB}"
EndProject
Project("{2150E333-8FDC-42A3-9474-1A3956D46DE8}") = "4 - Infrastructure", "4 - Infrastructure", "{30C4743E-AB9E-49BD-8F48-D376813B8824}"
EndProject
Project("{2150E333-8FDC-42A3-9474-1A3956D46DE8}") = "5 - Cross-Cutting", "5 - Cross-Cutting", "{130DCA41-3A78-401F-A27A-201612DDF8C5}"
EndProject
Project("{2150E333-8FDC-42A3-9474-1A3956D46DE8}") = "6 - External Dependencies", "6 - External Dependencies", "{E3C57D58-4D80-4579-AC9A-F0CD6F3F9983}"
EndProject
Project("{9A19103F-16F7-4668-BE54-9A1E7A4F7556}") = "Pomodorium.Infrastructure", "src\Infrastructure\Pomodorium.Infrastructure.csproj", "{05A25C09-FF05-4B60-9CE5-386E446A741E}"
EndProject
Project("{E53339B2-1760-4266-BCC7-CA923CBCF16C}") = "docker-compose", "docker-compose.dcproj", "{183B7F33-38BE-41D9-B69A-438019FFE06D}"
EndProject
Project("{9A19103F-16F7-4668-BE54-9A1E7A4F7556}") = "Pomodorium.TaskManagement.DomainModel", "src\Pomodorium.TaskManagement.DomainModel\Pomodorium.TaskManagement.DomainModel.csproj", "{9CC7EB5D-1ADD-4D93-BC9C-5D51983742B8}"
EndProject
Project("{9A19103F-16F7-4668-BE54-9A1E7A4F7556}") = "Pomodorium.TaskManagement.ApplicationModel", "src\Pomodorium.TaskManagement.ApplicationModel\Pomodorium.TaskManagement.ApplicationModel.csproj", "{89E16C7B-9016-48AB-A27B-9CED77BF8B47}"
EndProject
Project("{9A19103F-16F7-4668-BE54-9A1E7A4F7556}") = "Pomodorium.FlowtimeTechnique.DomainModel", "src\Pomodorium.FlowtimeTechnique.DomainModel\Pomodorium.FlowtimeTechnique.DomainModel.csproj", "{0F1E0370-73E1-49B9-8B1A-B21C6F9926F8}"
EndProject
Project("{9A19103F-16F7-4668-BE54-9A1E7A4F7556}") = "Pomodorium.TimeManagement.ApplicationModel", "src\Pomodorium.TimeManagement.ApplicationModel\Pomodorium.TimeManagement.ApplicationModel.csproj", "{F890A756-6CFC-42DC-8A51-F81155E815E2}"
EndProject
Project("{9A19103F-16F7-4668-BE54-9A1E7A4F7556}") = "Pomodorium.TimeTracking.DomainModel", "src\Pomodorium.TimeTracking.DomainModel\Pomodorium.TimeTracking.DomainModel.csproj", "{611AE9B2-C11A-4320-82C9-764B1B4E8B0E}"
EndProject
Project("{9A19103F-16F7-4668-BE54-9A1E7A4F7556}") = "Pomodorium.PomodoroTechnique.DomainModel", "src\Pomodorium.PomodoroTechnique.DomainModel\Pomodorium.PomodoroTechnique.DomainModel.csproj", "{4355D629-88DA-4417-AF6E-9ACEB5FE3B5B}"
EndProject
Project("{9A19103F-16F7-4668-BE54-9A1E7A4F7556}") = "Pomodorium.FlowtimeTechnique.DomainTests", "tests\Pomodorium.FlowtimeTechnique.DomainTests\Pomodorium.FlowtimeTechnique.DomainTests.csproj", "{9AAFC7F7-29CD-497A-9BA6-CB8A81BE53AB}"
EndProject
Project("{9A19103F-16F7-4668-BE54-9A1E7A4F7556}") = "Pomodorium.PomodoroTechnique.DomainTests", "tests\Pomodorium.PomodoroTechnique.DomainTests\Pomodorium.PomodoroTechnique.DomainTests.csproj", "{6C1A5D18-259E-4E24-91ED-FED2FD242AE9}"
EndProject
Project("{2150E333-8FDC-42A3-9474-1A3956D46DE8}") = "Data Services", "Data Services", "{F9A4E5D7-BD89-4EB0-A12E-C9BD9D887C66}"
EndProject
Project("{9A19103F-16F7-4668-BE54-9A1E7A4F7556}") = "Pomodorium.MongoDB", "src\Pomodorium.MongoDB\Pomodorium.MongoDB.csproj", "{6DC1A1CF-5EB4-4E0E-8B37-7D6CD602E65D}"
EndProject
Project("{9A19103F-16F7-4668-BE54-9A1E7A4F7556}") = "Pomodorium.IndexDB", "src\Pomodorium.IndexDB\Pomodorium.IndexDB.csproj", "{01EE1672-896B-423C-B9F2-DBE0FE61063F}"
EndProject
Project("{9A19103F-16F7-4668-BE54-9A1E7A4F7556}") = "Pomodorium.Data.Sqlite", "src\Pomodorium.Data.Sqlite\Pomodorium.Data.Sqlite.csproj", "{0DFCA311-3AF8-4E13-9ABC-88238A5B9027}"
EndProject
Project("{FAE04EC0-301F-11D3-BF4B-00C04F79EFBC}") = "Pomodorium.ApplicationCore", "src\Pomodorium.ApplicationCore\Pomodorium.ApplicationCore.csproj", "{BA4A789D-E3A2-4451-A26F-7DEB527E2404}"
EndProject
Project("{FAE04EC0-301F-11D3-BF4B-00C04F79EFBC}") = "Pomodorium.ApplicationRemote", "src\Pomodorium.ApplicationRemote\Pomodorium.ApplicationRemote.csproj", "{0D1EDCB9-8374-436A-87F9-11F756C45699}"
EndProject
Global
	GlobalSection(SolutionConfigurationPlatforms) = preSolution
		Debug|Any CPU = Debug|Any CPU
		Debug|x64 = Debug|x64
		Debug|x86 = Debug|x86
		Release|Any CPU = Release|Any CPU
		Release|x64 = Release|x64
		Release|x86 = Release|x86
	EndGlobalSection
	GlobalSection(ProjectConfigurationPlatforms) = postSolution
		{BEFBBFC0-EB8A-422A-9826-07927C7E23A5}.Debug|Any CPU.ActiveCfg = Debug|Any CPU
		{BEFBBFC0-EB8A-422A-9826-07927C7E23A5}.Debug|Any CPU.Build.0 = Debug|Any CPU
		{BEFBBFC0-EB8A-422A-9826-07927C7E23A5}.Debug|x64.ActiveCfg = Debug|Any CPU
		{BEFBBFC0-EB8A-422A-9826-07927C7E23A5}.Debug|x64.Build.0 = Debug|Any CPU
		{BEFBBFC0-EB8A-422A-9826-07927C7E23A5}.Debug|x86.ActiveCfg = Debug|Any CPU
		{BEFBBFC0-EB8A-422A-9826-07927C7E23A5}.Debug|x86.Build.0 = Debug|Any CPU
		{BEFBBFC0-EB8A-422A-9826-07927C7E23A5}.Release|Any CPU.ActiveCfg = Release|Any CPU
		{BEFBBFC0-EB8A-422A-9826-07927C7E23A5}.Release|Any CPU.Build.0 = Release|Any CPU
		{BEFBBFC0-EB8A-422A-9826-07927C7E23A5}.Release|x64.ActiveCfg = Release|Any CPU
		{BEFBBFC0-EB8A-422A-9826-07927C7E23A5}.Release|x64.Build.0 = Release|Any CPU
		{BEFBBFC0-EB8A-422A-9826-07927C7E23A5}.Release|x86.ActiveCfg = Release|Any CPU
		{BEFBBFC0-EB8A-422A-9826-07927C7E23A5}.Release|x86.Build.0 = Release|Any CPU
		{995AC0FF-9DD2-4E8E-BBFA-6E65D0CC7847}.Debug|Any CPU.ActiveCfg = Debug|Any CPU
		{995AC0FF-9DD2-4E8E-BBFA-6E65D0CC7847}.Debug|Any CPU.Build.0 = Debug|Any CPU
		{995AC0FF-9DD2-4E8E-BBFA-6E65D0CC7847}.Debug|x64.ActiveCfg = Debug|Any CPU
		{995AC0FF-9DD2-4E8E-BBFA-6E65D0CC7847}.Debug|x64.Build.0 = Debug|Any CPU
		{995AC0FF-9DD2-4E8E-BBFA-6E65D0CC7847}.Debug|x86.ActiveCfg = Debug|Any CPU
		{995AC0FF-9DD2-4E8E-BBFA-6E65D0CC7847}.Debug|x86.Build.0 = Debug|Any CPU
		{995AC0FF-9DD2-4E8E-BBFA-6E65D0CC7847}.Release|Any CPU.ActiveCfg = Release|Any CPU
		{995AC0FF-9DD2-4E8E-BBFA-6E65D0CC7847}.Release|Any CPU.Build.0 = Release|Any CPU
		{995AC0FF-9DD2-4E8E-BBFA-6E65D0CC7847}.Release|x64.ActiveCfg = Release|Any CPU
		{995AC0FF-9DD2-4E8E-BBFA-6E65D0CC7847}.Release|x64.Build.0 = Release|Any CPU
		{995AC0FF-9DD2-4E8E-BBFA-6E65D0CC7847}.Release|x86.ActiveCfg = Release|Any CPU
		{995AC0FF-9DD2-4E8E-BBFA-6E65D0CC7847}.Release|x86.Build.0 = Release|Any CPU
		{F63FB81D-C1E4-4842-975A-4519D5BAE9A7}.Debug|Any CPU.ActiveCfg = Debug|Any CPU
		{F63FB81D-C1E4-4842-975A-4519D5BAE9A7}.Debug|Any CPU.Build.0 = Debug|Any CPU
		{F63FB81D-C1E4-4842-975A-4519D5BAE9A7}.Debug|x64.ActiveCfg = Debug|Any CPU
		{F63FB81D-C1E4-4842-975A-4519D5BAE9A7}.Debug|x64.Build.0 = Debug|Any CPU
		{F63FB81D-C1E4-4842-975A-4519D5BAE9A7}.Debug|x86.ActiveCfg = Debug|Any CPU
		{F63FB81D-C1E4-4842-975A-4519D5BAE9A7}.Debug|x86.Build.0 = Debug|Any CPU
		{F63FB81D-C1E4-4842-975A-4519D5BAE9A7}.Release|Any CPU.ActiveCfg = Release|Any CPU
		{F63FB81D-C1E4-4842-975A-4519D5BAE9A7}.Release|Any CPU.Build.0 = Release|Any CPU
		{F63FB81D-C1E4-4842-975A-4519D5BAE9A7}.Release|x64.ActiveCfg = Release|Any CPU
		{F63FB81D-C1E4-4842-975A-4519D5BAE9A7}.Release|x64.Build.0 = Release|Any CPU
		{F63FB81D-C1E4-4842-975A-4519D5BAE9A7}.Release|x86.ActiveCfg = Release|Any CPU
		{F63FB81D-C1E4-4842-975A-4519D5BAE9A7}.Release|x86.Build.0 = Release|Any CPU
		{6B2303A3-5733-46E6-9395-32AA5A64EE67}.Debug|Any CPU.ActiveCfg = Debug|Any CPU
		{6B2303A3-5733-46E6-9395-32AA5A64EE67}.Debug|Any CPU.Build.0 = Debug|Any CPU
		{6B2303A3-5733-46E6-9395-32AA5A64EE67}.Debug|x64.ActiveCfg = Debug|Any CPU
		{6B2303A3-5733-46E6-9395-32AA5A64EE67}.Debug|x64.Build.0 = Debug|Any CPU
		{6B2303A3-5733-46E6-9395-32AA5A64EE67}.Debug|x86.ActiveCfg = Debug|Any CPU
		{6B2303A3-5733-46E6-9395-32AA5A64EE67}.Debug|x86.Build.0 = Debug|Any CPU
		{6B2303A3-5733-46E6-9395-32AA5A64EE67}.Release|Any CPU.ActiveCfg = Release|Any CPU
		{6B2303A3-5733-46E6-9395-32AA5A64EE67}.Release|Any CPU.Build.0 = Release|Any CPU
		{6B2303A3-5733-46E6-9395-32AA5A64EE67}.Release|x64.ActiveCfg = Release|Any CPU
		{6B2303A3-5733-46E6-9395-32AA5A64EE67}.Release|x64.Build.0 = Release|Any CPU
		{6B2303A3-5733-46E6-9395-32AA5A64EE67}.Release|x86.ActiveCfg = Release|Any CPU
		{6B2303A3-5733-46E6-9395-32AA5A64EE67}.Release|x86.Build.0 = Release|Any CPU
		{05A25C09-FF05-4B60-9CE5-386E446A741E}.Debug|Any CPU.ActiveCfg = Debug|Any CPU
		{05A25C09-FF05-4B60-9CE5-386E446A741E}.Debug|Any CPU.Build.0 = Debug|Any CPU
		{05A25C09-FF05-4B60-9CE5-386E446A741E}.Debug|x64.ActiveCfg = Debug|Any CPU
		{05A25C09-FF05-4B60-9CE5-386E446A741E}.Debug|x64.Build.0 = Debug|Any CPU
		{05A25C09-FF05-4B60-9CE5-386E446A741E}.Debug|x86.ActiveCfg = Debug|Any CPU
		{05A25C09-FF05-4B60-9CE5-386E446A741E}.Debug|x86.Build.0 = Debug|Any CPU
		{05A25C09-FF05-4B60-9CE5-386E446A741E}.Release|Any CPU.ActiveCfg = Release|Any CPU
		{05A25C09-FF05-4B60-9CE5-386E446A741E}.Release|Any CPU.Build.0 = Release|Any CPU
		{05A25C09-FF05-4B60-9CE5-386E446A741E}.Release|x64.ActiveCfg = Release|Any CPU
		{05A25C09-FF05-4B60-9CE5-386E446A741E}.Release|x64.Build.0 = Release|Any CPU
		{05A25C09-FF05-4B60-9CE5-386E446A741E}.Release|x86.ActiveCfg = Release|Any CPU
		{05A25C09-FF05-4B60-9CE5-386E446A741E}.Release|x86.Build.0 = Release|Any CPU
		{183B7F33-38BE-41D9-B69A-438019FFE06D}.Debug|Any CPU.ActiveCfg = Debug|Any CPU
		{183B7F33-38BE-41D9-B69A-438019FFE06D}.Debug|Any CPU.Build.0 = Debug|Any CPU
		{183B7F33-38BE-41D9-B69A-438019FFE06D}.Debug|x64.ActiveCfg = Debug|Any CPU
		{183B7F33-38BE-41D9-B69A-438019FFE06D}.Debug|x64.Build.0 = Debug|Any CPU
		{183B7F33-38BE-41D9-B69A-438019FFE06D}.Debug|x86.ActiveCfg = Debug|Any CPU
		{183B7F33-38BE-41D9-B69A-438019FFE06D}.Debug|x86.Build.0 = Debug|Any CPU
		{183B7F33-38BE-41D9-B69A-438019FFE06D}.Release|Any CPU.ActiveCfg = Release|Any CPU
		{183B7F33-38BE-41D9-B69A-438019FFE06D}.Release|Any CPU.Build.0 = Release|Any CPU
		{183B7F33-38BE-41D9-B69A-438019FFE06D}.Release|x64.ActiveCfg = Release|Any CPU
		{183B7F33-38BE-41D9-B69A-438019FFE06D}.Release|x64.Build.0 = Release|Any CPU
		{183B7F33-38BE-41D9-B69A-438019FFE06D}.Release|x86.ActiveCfg = Release|Any CPU
		{183B7F33-38BE-41D9-B69A-438019FFE06D}.Release|x86.Build.0 = Release|Any CPU
		{9CC7EB5D-1ADD-4D93-BC9C-5D51983742B8}.Debug|Any CPU.ActiveCfg = Debug|Any CPU
		{9CC7EB5D-1ADD-4D93-BC9C-5D51983742B8}.Debug|Any CPU.Build.0 = Debug|Any CPU
		{9CC7EB5D-1ADD-4D93-BC9C-5D51983742B8}.Debug|x64.ActiveCfg = Debug|Any CPU
		{9CC7EB5D-1ADD-4D93-BC9C-5D51983742B8}.Debug|x64.Build.0 = Debug|Any CPU
		{9CC7EB5D-1ADD-4D93-BC9C-5D51983742B8}.Debug|x86.ActiveCfg = Debug|Any CPU
		{9CC7EB5D-1ADD-4D93-BC9C-5D51983742B8}.Debug|x86.Build.0 = Debug|Any CPU
		{9CC7EB5D-1ADD-4D93-BC9C-5D51983742B8}.Release|Any CPU.ActiveCfg = Release|Any CPU
		{9CC7EB5D-1ADD-4D93-BC9C-5D51983742B8}.Release|Any CPU.Build.0 = Release|Any CPU
		{9CC7EB5D-1ADD-4D93-BC9C-5D51983742B8}.Release|x64.ActiveCfg = Release|Any CPU
		{9CC7EB5D-1ADD-4D93-BC9C-5D51983742B8}.Release|x64.Build.0 = Release|Any CPU
		{9CC7EB5D-1ADD-4D93-BC9C-5D51983742B8}.Release|x86.ActiveCfg = Release|Any CPU
		{9CC7EB5D-1ADD-4D93-BC9C-5D51983742B8}.Release|x86.Build.0 = Release|Any CPU
		{89E16C7B-9016-48AB-A27B-9CED77BF8B47}.Debug|Any CPU.ActiveCfg = Debug|Any CPU
		{89E16C7B-9016-48AB-A27B-9CED77BF8B47}.Debug|Any CPU.Build.0 = Debug|Any CPU
		{89E16C7B-9016-48AB-A27B-9CED77BF8B47}.Debug|x64.ActiveCfg = Debug|Any CPU
		{89E16C7B-9016-48AB-A27B-9CED77BF8B47}.Debug|x64.Build.0 = Debug|Any CPU
		{89E16C7B-9016-48AB-A27B-9CED77BF8B47}.Debug|x86.ActiveCfg = Debug|Any CPU
		{89E16C7B-9016-48AB-A27B-9CED77BF8B47}.Debug|x86.Build.0 = Debug|Any CPU
		{89E16C7B-9016-48AB-A27B-9CED77BF8B47}.Release|Any CPU.ActiveCfg = Release|Any CPU
		{89E16C7B-9016-48AB-A27B-9CED77BF8B47}.Release|Any CPU.Build.0 = Release|Any CPU
		{89E16C7B-9016-48AB-A27B-9CED77BF8B47}.Release|x64.ActiveCfg = Release|Any CPU
		{89E16C7B-9016-48AB-A27B-9CED77BF8B47}.Release|x64.Build.0 = Release|Any CPU
		{89E16C7B-9016-48AB-A27B-9CED77BF8B47}.Release|x86.ActiveCfg = Release|Any CPU
		{89E16C7B-9016-48AB-A27B-9CED77BF8B47}.Release|x86.Build.0 = Release|Any CPU
		{0F1E0370-73E1-49B9-8B1A-B21C6F9926F8}.Debug|Any CPU.ActiveCfg = Debug|Any CPU
		{0F1E0370-73E1-49B9-8B1A-B21C6F9926F8}.Debug|Any CPU.Build.0 = Debug|Any CPU
		{0F1E0370-73E1-49B9-8B1A-B21C6F9926F8}.Debug|x64.ActiveCfg = Debug|Any CPU
		{0F1E0370-73E1-49B9-8B1A-B21C6F9926F8}.Debug|x64.Build.0 = Debug|Any CPU
		{0F1E0370-73E1-49B9-8B1A-B21C6F9926F8}.Debug|x86.ActiveCfg = Debug|Any CPU
		{0F1E0370-73E1-49B9-8B1A-B21C6F9926F8}.Debug|x86.Build.0 = Debug|Any CPU
		{0F1E0370-73E1-49B9-8B1A-B21C6F9926F8}.Release|Any CPU.ActiveCfg = Release|Any CPU
		{0F1E0370-73E1-49B9-8B1A-B21C6F9926F8}.Release|Any CPU.Build.0 = Release|Any CPU
		{0F1E0370-73E1-49B9-8B1A-B21C6F9926F8}.Release|x64.ActiveCfg = Release|Any CPU
		{0F1E0370-73E1-49B9-8B1A-B21C6F9926F8}.Release|x64.Build.0 = Release|Any CPU
		{0F1E0370-73E1-49B9-8B1A-B21C6F9926F8}.Release|x86.ActiveCfg = Release|Any CPU
		{0F1E0370-73E1-49B9-8B1A-B21C6F9926F8}.Release|x86.Build.0 = Release|Any CPU
		{F890A756-6CFC-42DC-8A51-F81155E815E2}.Debug|Any CPU.ActiveCfg = Debug|Any CPU
		{F890A756-6CFC-42DC-8A51-F81155E815E2}.Debug|Any CPU.Build.0 = Debug|Any CPU
		{F890A756-6CFC-42DC-8A51-F81155E815E2}.Debug|x64.ActiveCfg = Debug|Any CPU
		{F890A756-6CFC-42DC-8A51-F81155E815E2}.Debug|x64.Build.0 = Debug|Any CPU
		{F890A756-6CFC-42DC-8A51-F81155E815E2}.Debug|x86.ActiveCfg = Debug|Any CPU
		{F890A756-6CFC-42DC-8A51-F81155E815E2}.Debug|x86.Build.0 = Debug|Any CPU
		{F890A756-6CFC-42DC-8A51-F81155E815E2}.Release|Any CPU.ActiveCfg = Release|Any CPU
		{F890A756-6CFC-42DC-8A51-F81155E815E2}.Release|Any CPU.Build.0 = Release|Any CPU
		{F890A756-6CFC-42DC-8A51-F81155E815E2}.Release|x64.ActiveCfg = Release|Any CPU
		{F890A756-6CFC-42DC-8A51-F81155E815E2}.Release|x64.Build.0 = Release|Any CPU
		{F890A756-6CFC-42DC-8A51-F81155E815E2}.Release|x86.ActiveCfg = Release|Any CPU
		{F890A756-6CFC-42DC-8A51-F81155E815E2}.Release|x86.Build.0 = Release|Any CPU
		{611AE9B2-C11A-4320-82C9-764B1B4E8B0E}.Debug|Any CPU.ActiveCfg = Debug|Any CPU
		{611AE9B2-C11A-4320-82C9-764B1B4E8B0E}.Debug|Any CPU.Build.0 = Debug|Any CPU
		{611AE9B2-C11A-4320-82C9-764B1B4E8B0E}.Debug|x64.ActiveCfg = Debug|Any CPU
		{611AE9B2-C11A-4320-82C9-764B1B4E8B0E}.Debug|x64.Build.0 = Debug|Any CPU
		{611AE9B2-C11A-4320-82C9-764B1B4E8B0E}.Debug|x86.ActiveCfg = Debug|Any CPU
		{611AE9B2-C11A-4320-82C9-764B1B4E8B0E}.Debug|x86.Build.0 = Debug|Any CPU
		{611AE9B2-C11A-4320-82C9-764B1B4E8B0E}.Release|Any CPU.ActiveCfg = Release|Any CPU
		{611AE9B2-C11A-4320-82C9-764B1B4E8B0E}.Release|Any CPU.Build.0 = Release|Any CPU
		{611AE9B2-C11A-4320-82C9-764B1B4E8B0E}.Release|x64.ActiveCfg = Release|Any CPU
		{611AE9B2-C11A-4320-82C9-764B1B4E8B0E}.Release|x64.Build.0 = Release|Any CPU
		{611AE9B2-C11A-4320-82C9-764B1B4E8B0E}.Release|x86.ActiveCfg = Release|Any CPU
		{611AE9B2-C11A-4320-82C9-764B1B4E8B0E}.Release|x86.Build.0 = Release|Any CPU
		{4355D629-88DA-4417-AF6E-9ACEB5FE3B5B}.Debug|Any CPU.ActiveCfg = Debug|Any CPU
		{4355D629-88DA-4417-AF6E-9ACEB5FE3B5B}.Debug|Any CPU.Build.0 = Debug|Any CPU
		{4355D629-88DA-4417-AF6E-9ACEB5FE3B5B}.Debug|x64.ActiveCfg = Debug|Any CPU
		{4355D629-88DA-4417-AF6E-9ACEB5FE3B5B}.Debug|x64.Build.0 = Debug|Any CPU
		{4355D629-88DA-4417-AF6E-9ACEB5FE3B5B}.Debug|x86.ActiveCfg = Debug|Any CPU
		{4355D629-88DA-4417-AF6E-9ACEB5FE3B5B}.Debug|x86.Build.0 = Debug|Any CPU
		{4355D629-88DA-4417-AF6E-9ACEB5FE3B5B}.Release|Any CPU.ActiveCfg = Release|Any CPU
		{4355D629-88DA-4417-AF6E-9ACEB5FE3B5B}.Release|Any CPU.Build.0 = Release|Any CPU
		{4355D629-88DA-4417-AF6E-9ACEB5FE3B5B}.Release|x64.ActiveCfg = Release|Any CPU
		{4355D629-88DA-4417-AF6E-9ACEB5FE3B5B}.Release|x64.Build.0 = Release|Any CPU
		{4355D629-88DA-4417-AF6E-9ACEB5FE3B5B}.Release|x86.ActiveCfg = Release|Any CPU
		{4355D629-88DA-4417-AF6E-9ACEB5FE3B5B}.Release|x86.Build.0 = Release|Any CPU
		{9AAFC7F7-29CD-497A-9BA6-CB8A81BE53AB}.Debug|Any CPU.ActiveCfg = Debug|Any CPU
		{9AAFC7F7-29CD-497A-9BA6-CB8A81BE53AB}.Debug|Any CPU.Build.0 = Debug|Any CPU
		{9AAFC7F7-29CD-497A-9BA6-CB8A81BE53AB}.Debug|x64.ActiveCfg = Debug|Any CPU
		{9AAFC7F7-29CD-497A-9BA6-CB8A81BE53AB}.Debug|x64.Build.0 = Debug|Any CPU
		{9AAFC7F7-29CD-497A-9BA6-CB8A81BE53AB}.Debug|x86.ActiveCfg = Debug|Any CPU
		{9AAFC7F7-29CD-497A-9BA6-CB8A81BE53AB}.Debug|x86.Build.0 = Debug|Any CPU
		{9AAFC7F7-29CD-497A-9BA6-CB8A81BE53AB}.Release|Any CPU.ActiveCfg = Release|Any CPU
		{9AAFC7F7-29CD-497A-9BA6-CB8A81BE53AB}.Release|Any CPU.Build.0 = Release|Any CPU
		{9AAFC7F7-29CD-497A-9BA6-CB8A81BE53AB}.Release|x64.ActiveCfg = Release|Any CPU
		{9AAFC7F7-29CD-497A-9BA6-CB8A81BE53AB}.Release|x64.Build.0 = Release|Any CPU
		{9AAFC7F7-29CD-497A-9BA6-CB8A81BE53AB}.Release|x86.ActiveCfg = Release|Any CPU
		{9AAFC7F7-29CD-497A-9BA6-CB8A81BE53AB}.Release|x86.Build.0 = Release|Any CPU
		{6C1A5D18-259E-4E24-91ED-FED2FD242AE9}.Debug|Any CPU.ActiveCfg = Debug|Any CPU
		{6C1A5D18-259E-4E24-91ED-FED2FD242AE9}.Debug|Any CPU.Build.0 = Debug|Any CPU
		{6C1A5D18-259E-4E24-91ED-FED2FD242AE9}.Debug|x64.ActiveCfg = Debug|Any CPU
		{6C1A5D18-259E-4E24-91ED-FED2FD242AE9}.Debug|x64.Build.0 = Debug|Any CPU
		{6C1A5D18-259E-4E24-91ED-FED2FD242AE9}.Debug|x86.ActiveCfg = Debug|Any CPU
		{6C1A5D18-259E-4E24-91ED-FED2FD242AE9}.Debug|x86.Build.0 = Debug|Any CPU
		{6C1A5D18-259E-4E24-91ED-FED2FD242AE9}.Release|Any CPU.ActiveCfg = Release|Any CPU
		{6C1A5D18-259E-4E24-91ED-FED2FD242AE9}.Release|Any CPU.Build.0 = Release|Any CPU
		{6C1A5D18-259E-4E24-91ED-FED2FD242AE9}.Release|x64.ActiveCfg = Release|Any CPU
		{6C1A5D18-259E-4E24-91ED-FED2FD242AE9}.Release|x64.Build.0 = Release|Any CPU
		{6C1A5D18-259E-4E24-91ED-FED2FD242AE9}.Release|x86.ActiveCfg = Release|Any CPU
		{6C1A5D18-259E-4E24-91ED-FED2FD242AE9}.Release|x86.Build.0 = Release|Any CPU
		{6DC1A1CF-5EB4-4E0E-8B37-7D6CD602E65D}.Debug|Any CPU.ActiveCfg = Debug|Any CPU
		{6DC1A1CF-5EB4-4E0E-8B37-7D6CD602E65D}.Debug|Any CPU.Build.0 = Debug|Any CPU
		{6DC1A1CF-5EB4-4E0E-8B37-7D6CD602E65D}.Debug|x64.ActiveCfg = Debug|Any CPU
		{6DC1A1CF-5EB4-4E0E-8B37-7D6CD602E65D}.Debug|x64.Build.0 = Debug|Any CPU
		{6DC1A1CF-5EB4-4E0E-8B37-7D6CD602E65D}.Debug|x86.ActiveCfg = Debug|Any CPU
		{6DC1A1CF-5EB4-4E0E-8B37-7D6CD602E65D}.Debug|x86.Build.0 = Debug|Any CPU
		{6DC1A1CF-5EB4-4E0E-8B37-7D6CD602E65D}.Release|Any CPU.ActiveCfg = Release|Any CPU
		{6DC1A1CF-5EB4-4E0E-8B37-7D6CD602E65D}.Release|Any CPU.Build.0 = Release|Any CPU
		{6DC1A1CF-5EB4-4E0E-8B37-7D6CD602E65D}.Release|x64.ActiveCfg = Release|Any CPU
		{6DC1A1CF-5EB4-4E0E-8B37-7D6CD602E65D}.Release|x64.Build.0 = Release|Any CPU
		{6DC1A1CF-5EB4-4E0E-8B37-7D6CD602E65D}.Release|x86.ActiveCfg = Release|Any CPU
		{6DC1A1CF-5EB4-4E0E-8B37-7D6CD602E65D}.Release|x86.Build.0 = Release|Any CPU
		{01EE1672-896B-423C-B9F2-DBE0FE61063F}.Debug|Any CPU.ActiveCfg = Debug|Any CPU
		{01EE1672-896B-423C-B9F2-DBE0FE61063F}.Debug|Any CPU.Build.0 = Debug|Any CPU
		{01EE1672-896B-423C-B9F2-DBE0FE61063F}.Debug|x64.ActiveCfg = Debug|Any CPU
		{01EE1672-896B-423C-B9F2-DBE0FE61063F}.Debug|x64.Build.0 = Debug|Any CPU
		{01EE1672-896B-423C-B9F2-DBE0FE61063F}.Debug|x86.ActiveCfg = Debug|Any CPU
		{01EE1672-896B-423C-B9F2-DBE0FE61063F}.Debug|x86.Build.0 = Debug|Any CPU
		{01EE1672-896B-423C-B9F2-DBE0FE61063F}.Release|Any CPU.ActiveCfg = Release|Any CPU
		{01EE1672-896B-423C-B9F2-DBE0FE61063F}.Release|Any CPU.Build.0 = Release|Any CPU
		{01EE1672-896B-423C-B9F2-DBE0FE61063F}.Release|x64.ActiveCfg = Release|Any CPU
		{01EE1672-896B-423C-B9F2-DBE0FE61063F}.Release|x64.Build.0 = Release|Any CPU
		{01EE1672-896B-423C-B9F2-DBE0FE61063F}.Release|x86.ActiveCfg = Release|Any CPU
		{01EE1672-896B-423C-B9F2-DBE0FE61063F}.Release|x86.Build.0 = Release|Any CPU
		{0DFCA311-3AF8-4E13-9ABC-88238A5B9027}.Debug|Any CPU.ActiveCfg = Debug|Any CPU
		{0DFCA311-3AF8-4E13-9ABC-88238A5B9027}.Debug|Any CPU.Build.0 = Debug|Any CPU
		{0DFCA311-3AF8-4E13-9ABC-88238A5B9027}.Debug|x64.ActiveCfg = Debug|Any CPU
		{0DFCA311-3AF8-4E13-9ABC-88238A5B9027}.Debug|x64.Build.0 = Debug|Any CPU
		{0DFCA311-3AF8-4E13-9ABC-88238A5B9027}.Debug|x86.ActiveCfg = Debug|Any CPU
		{0DFCA311-3AF8-4E13-9ABC-88238A5B9027}.Debug|x86.Build.0 = Debug|Any CPU
		{0DFCA311-3AF8-4E13-9ABC-88238A5B9027}.Release|Any CPU.ActiveCfg = Release|Any CPU
		{0DFCA311-3AF8-4E13-9ABC-88238A5B9027}.Release|Any CPU.Build.0 = Release|Any CPU
		{0DFCA311-3AF8-4E13-9ABC-88238A5B9027}.Release|x64.ActiveCfg = Release|Any CPU
		{0DFCA311-3AF8-4E13-9ABC-88238A5B9027}.Release|x64.Build.0 = Release|Any CPU
		{0DFCA311-3AF8-4E13-9ABC-88238A5B9027}.Release|x86.ActiveCfg = Release|Any CPU
		{0DFCA311-3AF8-4E13-9ABC-88238A5B9027}.Release|x86.Build.0 = Release|Any CPU
		{BA4A789D-E3A2-4451-A26F-7DEB527E2404}.Debug|Any CPU.ActiveCfg = Debug|Any CPU
		{BA4A789D-E3A2-4451-A26F-7DEB527E2404}.Debug|Any CPU.Build.0 = Debug|Any CPU
		{BA4A789D-E3A2-4451-A26F-7DEB527E2404}.Debug|x64.ActiveCfg = Debug|Any CPU
		{BA4A789D-E3A2-4451-A26F-7DEB527E2404}.Debug|x64.Build.0 = Debug|Any CPU
		{BA4A789D-E3A2-4451-A26F-7DEB527E2404}.Debug|x86.ActiveCfg = Debug|Any CPU
		{BA4A789D-E3A2-4451-A26F-7DEB527E2404}.Debug|x86.Build.0 = Debug|Any CPU
		{BA4A789D-E3A2-4451-A26F-7DEB527E2404}.Release|Any CPU.ActiveCfg = Release|Any CPU
		{BA4A789D-E3A2-4451-A26F-7DEB527E2404}.Release|Any CPU.Build.0 = Release|Any CPU
		{BA4A789D-E3A2-4451-A26F-7DEB527E2404}.Release|x64.ActiveCfg = Release|Any CPU
		{BA4A789D-E3A2-4451-A26F-7DEB527E2404}.Release|x64.Build.0 = Release|Any CPU
		{BA4A789D-E3A2-4451-A26F-7DEB527E2404}.Release|x86.ActiveCfg = Release|Any CPU
		{BA4A789D-E3A2-4451-A26F-7DEB527E2404}.Release|x86.Build.0 = Release|Any CPU
		{0D1EDCB9-8374-436A-87F9-11F756C45699}.Debug|Any CPU.ActiveCfg = Debug|Any CPU
		{0D1EDCB9-8374-436A-87F9-11F756C45699}.Debug|Any CPU.Build.0 = Debug|Any CPU
		{0D1EDCB9-8374-436A-87F9-11F756C45699}.Debug|x64.ActiveCfg = Debug|Any CPU
		{0D1EDCB9-8374-436A-87F9-11F756C45699}.Debug|x64.Build.0 = Debug|Any CPU
		{0D1EDCB9-8374-436A-87F9-11F756C45699}.Debug|x86.ActiveCfg = Debug|Any CPU
		{0D1EDCB9-8374-436A-87F9-11F756C45699}.Debug|x86.Build.0 = Debug|Any CPU
		{0D1EDCB9-8374-436A-87F9-11F756C45699}.Release|Any CPU.ActiveCfg = Release|Any CPU
		{0D1EDCB9-8374-436A-87F9-11F756C45699}.Release|Any CPU.Build.0 = Release|Any CPU
		{0D1EDCB9-8374-436A-87F9-11F756C45699}.Release|x64.ActiveCfg = Release|Any CPU
		{0D1EDCB9-8374-436A-87F9-11F756C45699}.Release|x64.Build.0 = Release|Any CPU
		{0D1EDCB9-8374-436A-87F9-11F756C45699}.Release|x86.ActiveCfg = Release|Any CPU
		{0D1EDCB9-8374-436A-87F9-11F756C45699}.Release|x86.Build.0 = Release|Any CPU
	EndGlobalSection
	GlobalSection(SolutionProperties) = preSolution
		HideSolutionNode = FALSE
	EndGlobalSection
	GlobalSection(NestedProjects) = preSolution
		{BEFBBFC0-EB8A-422A-9826-07927C7E23A5} = {361D4A0B-E63F-43B9-8DAD-BB16C6604867}
		{995AC0FF-9DD2-4E8E-BBFA-6E65D0CC7847} = {361D4A0B-E63F-43B9-8DAD-BB16C6604867}
		{F63FB81D-C1E4-4842-975A-4519D5BAE9A7} = {130DCA41-3A78-401F-A27A-201612DDF8C5}
		{6B2303A3-5733-46E6-9395-32AA5A64EE67} = {130DCA41-3A78-401F-A27A-201612DDF8C5}
		{05A25C09-FF05-4B60-9CE5-386E446A741E} = {30C4743E-AB9E-49BD-8F48-D376813B8824}
		{9CC7EB5D-1ADD-4D93-BC9C-5D51983742B8} = {C144FAF3-EF5D-48D4-8DC2-014E770A56AB}
		{89E16C7B-9016-48AB-A27B-9CED77BF8B47} = {1A2B9716-F138-4889-9AE8-39438830950D}
		{0F1E0370-73E1-49B9-8B1A-B21C6F9926F8} = {C144FAF3-EF5D-48D4-8DC2-014E770A56AB}
		{F890A756-6CFC-42DC-8A51-F81155E815E2} = {1A2B9716-F138-4889-9AE8-39438830950D}
		{611AE9B2-C11A-4320-82C9-764B1B4E8B0E} = {C144FAF3-EF5D-48D4-8DC2-014E770A56AB}
		{4355D629-88DA-4417-AF6E-9ACEB5FE3B5B} = {C144FAF3-EF5D-48D4-8DC2-014E770A56AB}
		{9AAFC7F7-29CD-497A-9BA6-CB8A81BE53AB} = {C144FAF3-EF5D-48D4-8DC2-014E770A56AB}
		{6C1A5D18-259E-4E24-91ED-FED2FD242AE9} = {C144FAF3-EF5D-48D4-8DC2-014E770A56AB}
		{F9A4E5D7-BD89-4EB0-A12E-C9BD9D887C66} = {30C4743E-AB9E-49BD-8F48-D376813B8824}
		{6DC1A1CF-5EB4-4E0E-8B37-7D6CD602E65D} = {F9A4E5D7-BD89-4EB0-A12E-C9BD9D887C66}
		{01EE1672-896B-423C-B9F2-DBE0FE61063F} = {F9A4E5D7-BD89-4EB0-A12E-C9BD9D887C66}
		{0DFCA311-3AF8-4E13-9ABC-88238A5B9027} = {F9A4E5D7-BD89-4EB0-A12E-C9BD9D887C66}
		{BA4A789D-E3A2-4451-A26F-7DEB527E2404} = {1A2B9716-F138-4889-9AE8-39438830950D}
		{0D1EDCB9-8374-436A-87F9-11F756C45699} = {1A2B9716-F138-4889-9AE8-39438830950D}
	EndGlobalSection
	GlobalSection(ExtensibilityGlobals) = postSolution
		SolutionGuid = {882EBB42-21F4-4BC0-805A-088422CBB28C}
	EndGlobalSection
EndGlobal
