Microsoft Visual Studio Solution File, Format Version 12.00
# Visual Studio Version 17
VisualStudioVersion = 17.7.34202.233
MinimumVisualStudioVersion = 16.0.0.0
Project("{9A19103F-16F7-4668-BE54-9A1E7A4F7556}") = "Pomodorium.Server", "src\Server\Pomodorium.Server.csproj", "{BEFBBFC0-EB8A-422A-9826-07927C7E23A5}"
EndProject
Project("{9A19103F-16F7-4668-BE54-9A1E7A4F7556}") = "Pomodorium.Client", "src\Client\Pomodorium.Client.csproj", "{995AC0FF-9DD2-4E8E-BBFA-6E65D0CC7847}"
EndProject
Project("{9A19103F-16F7-4668-BE54-9A1E7A4F7556}") = "Pomodorium.Shared", "src\Shared\Pomodorium.Shared.csproj", "{F63FB81D-C1E4-4842-975A-4519D5BAE9A7}"
EndProject
Project("{9A19103F-16F7-4668-BE54-9A1E7A4F7556}") = "System.Extensions", "packages\System.Extensions\System.Extensions.csproj", "{6B2303A3-5733-46E6-9395-32AA5A64EE67}"
EndProject
Project("{2150E333-8FDC-42A3-9474-1A3956D46DE8}") = "1 - Presentation", "1 - Presentation", "{361D4A0B-E63F-43B9-8DAD-BB16C6604867}"
EndProject
Project("{2150E333-8FDC-42A3-9474-1A3956D46DE8}") = "2 - Infrastructure", "2 - Infrastructure", "{30C4743E-AB9E-49BD-8F48-D376813B8824}"
EndProject
Project("{2150E333-8FDC-42A3-9474-1A3956D46DE8}") = "4 - Cross-Cutting", "4 - Cross-Cutting", "{130DCA41-3A78-401F-A27A-201612DDF8C5}"
EndProject
Project("{2150E333-8FDC-42A3-9474-1A3956D46DE8}") = "5 - External Dependencies", "5 - External Dependencies", "{E3C57D58-4D80-4579-AC9A-F0CD6F3F9983}"
EndProject
Project("{9A19103F-16F7-4668-BE54-9A1E7A4F7556}") = "Pomodorium.Infrastructure.Shared", "src\Infrastructure.Shared\Pomodorium.Infrastructure.Shared.csproj", "{05A25C09-FF05-4B60-9CE5-386E446A741E}"
EndProject
Project("{E53339B2-1760-4266-BCC7-CA923CBCF16C}") = "docker-compose", "docker-compose.dcproj", "{183B7F33-38BE-41D9-B69A-438019FFE06D}"
EndProject
Project("{9A19103F-16F7-4668-BE54-9A1E7A4F7556}") = "TaskManagement.DomainModel", "src\TaskManagement.DomainModel\TaskManagement.DomainModel.csproj", "{9CC7EB5D-1ADD-4D93-BC9C-5D51983742B8}"
EndProject
Project("{9A19103F-16F7-4668-BE54-9A1E7A4F7556}") = "TaskManagement.ApplicationModel", "src\TaskManagement.ApplicationModel\TaskManagement.ApplicationModel.csproj", "{89E16C7B-9016-48AB-A27B-9CED77BF8B47}"
EndProject
Project("{9A19103F-16F7-4668-BE54-9A1E7A4F7556}") = "FlowtimeTechnique.DomainModel", "src\FlowtimeTechnique.DomainModel\FlowtimeTechnique.DomainModel.csproj", "{0F1E0370-73E1-49B9-8B1A-B21C6F9926F8}"
EndProject
Project("{9A19103F-16F7-4668-BE54-9A1E7A4F7556}") = "RoutineTracking.DomainModel", "src\RoutineTracking.DomainModel\RoutineTracking.DomainModel.csproj", "{611AE9B2-C11A-4320-82C9-764B1B4E8B0E}"
EndProject
Project("{9A19103F-16F7-4668-BE54-9A1E7A4F7556}") = "PomodoroTechnique.DomainModel", "src\PomodoroTechnique.DomainModel\PomodoroTechnique.DomainModel.csproj", "{4355D629-88DA-4417-AF6E-9ACEB5FE3B5B}"
EndProject
Project("{9A19103F-16F7-4668-BE54-9A1E7A4F7556}") = "FlowtimeTechnique.DomainTests", "tests\FlowtimeTechnique.DomainTests\FlowtimeTechnique.DomainTests.csproj", "{9AAFC7F7-29CD-497A-9BA6-CB8A81BE53AB}"
EndProject
Project("{9A19103F-16F7-4668-BE54-9A1E7A4F7556}") = "PomodoroTechnique.DomainTests", "tests\PomodoroTechnique.DomainTests\PomodoroTechnique.DomainTests.csproj", "{6C1A5D18-259E-4E24-91ED-FED2FD242AE9}"
EndProject
Project("{2150E333-8FDC-42A3-9474-1A3956D46DE8}") = "Data Services", "Data Services", "{F9A4E5D7-BD89-4EB0-A12E-C9BD9D887C66}"
EndProject
Project("{9A19103F-16F7-4668-BE54-9A1E7A4F7556}") = "Pomodorium.MongoDB", "src\MongoDB\Pomodorium.MongoDB.csproj", "{6DC1A1CF-5EB4-4E0E-8B37-7D6CD602E65D}"
EndProject
Project("{9A19103F-16F7-4668-BE54-9A1E7A4F7556}") = "Pomodorium.IndexedDB", "src\IndexedDB\Pomodorium.IndexedDB.csproj", "{01EE1672-896B-423C-B9F2-DBE0FE61063F}"
EndProject
Project("{9A19103F-16F7-4668-BE54-9A1E7A4F7556}") = "Pomodorium.Data.Sqlite", "src\Data.Sqlite\Pomodorium.Data.Sqlite.csproj", "{0DFCA311-3AF8-4E13-9ABC-88238A5B9027}"
EndProject
Project("{9A19103F-16F7-4668-BE54-9A1E7A4F7556}") = "Pomodorium.ApplicationCore", "src\ApplicationCore\Pomodorium.ApplicationCore.csproj", "{BA4A789D-E3A2-4451-A26F-7DEB527E2404}"
EndProject
Project("{9A19103F-16F7-4668-BE54-9A1E7A4F7556}") = "Pomodorium.ApplicationRemote", "src\ApplicationRemote\Pomodorium.ApplicationRemote.csproj", "{0D1EDCB9-8374-436A-87F9-11F756C45699}"
EndProject
Project("{2150E333-8FDC-42A3-9474-1A3956D46DE8}") = "Integration Services", "Integration Services", "{F78E4260-150B-4092-98A5-EEAB69D48F2E}"
EndProject
Project("{9A19103F-16F7-4668-BE54-9A1E7A4F7556}") = "TeamFoundationServer", "src\TeamFoundationServer\TeamFoundationServer.csproj", "{AD5C1B7C-7269-4138-B043-F4651E2F404D}"
EndProject
Project("{9A19103F-16F7-4668-BE54-9A1E7A4F7556}") = "Trello", "src\Trello\Trello.csproj", "{2F4714ED-DDF9-4123-9C31-AD875BB9A26F}"
EndProject
Project("{2150E333-8FDC-42A3-9474-1A3956D46DE8}") = "0 - Specification", "0 - Specification", "{2ACAAF7C-D461-4B57-8BFC-BACA9330CC2F}"
EndProject
Project("{9A19103F-16F7-4668-BE54-9A1E7A4F7556}") = "Pomodorium.Specs", "specs\Pomodorium.Specs.csproj", "{6D5CCBA9-1CA9-41E6-AD22-D0652E15F6AC}"
EndProject
Project("{9A19103F-16F7-4668-BE54-9A1E7A4F7556}") = "Pomodorium.Infrastructure.Client", "src\Infrastructure.Client\Pomodorium.Infrastructure.Client.csproj", "{38F595D0-BC84-4026-8458-9DBE9612257A}"
EndProject
Project("{9A19103F-16F7-4668-BE54-9A1E7A4F7556}") = "Pomodorium.Infrastructure.Server", "src\Infrastructure.Server\Pomodorium.Infrastructure.Server.csproj", "{20D8F874-E487-41A2-8F97-F30020D2D9BB}"
EndProject
Project("{2150E333-8FDC-42A3-9474-1A3956D46DE8}") = "Messaging", "Messaging", "{3617B850-BEC2-4CD7-A676-43F1BAF093DE}"
EndProject
Project("{9A19103F-16F7-4668-BE54-9A1E7A4F7556}") = "Pomodorium.RabbitMQ", "src\RabbitMQ\Pomodorium.RabbitMQ.csproj", "{05F4EFA8-B2CC-4F5A-9807-DA2ACF3CAFCA}"
EndProject
Project("{9A19103F-16F7-4668-BE54-9A1E7A4F7556}") = "Pomodorium.Azure.Cosmos", "src\Azure.Cosmos\Pomodorium.Azure.Cosmos.csproj", "{F93C7217-94B9-4C85-9F65-F00425862A73}"
EndProject
Project("{9A19103F-16F7-4668-BE54-9A1E7A4F7556}") = "FlowtimeTechnique.ApplicationModel", "src\FlowtimeTechnique.ApplicationModel\FlowtimeTechnique.ApplicationModel.csproj", "{8C2DC58F-12BA-4658-B58F-B71451CD99E9}"
EndProject
Project("{9A19103F-16F7-4668-BE54-9A1E7A4F7556}") = "PomodoroTechnique.ApplicationModel", "src\PomodoroTechnique.ApplicationModel\PomodoroTechnique.ApplicationModel.csproj", "{9B6A36E4-6DE3-483D-BDE0-6359209751BC}"
EndProject
Project("{9A19103F-16F7-4668-BE54-9A1E7A4F7556}") = "RoutineTracking.ApplicationModel", "src\RoutineTracking.ApplicationModel\RoutineTracking.ApplicationModel.csproj", "{B84DD17D-212D-4836-957A-4B0A7F1B9F0E}"
EndProject
Project("{9A19103F-16F7-4668-BE54-9A1E7A4F7556}") = "Pomodorium.ApplicationModel", "src\ApplicationModel\Pomodorium.ApplicationModel.csproj", "{C24B4E70-6A87-4024-9962-E013584B6461}"
EndProject
Project("{2150E333-8FDC-42A3-9474-1A3956D46DE8}") = "3 - Core", "3 - Core", "{0FF60C80-9251-4544-BB52-078EBE53A5F5}"
EndProject
Project("{2150E333-8FDC-42A3-9474-1A3956D46DE8}") = "FlowtimeTechnique", "FlowtimeTechnique", "{9D70AF7F-18AF-4FC0-ACE7-74A687C0A9B3}"
EndProject
Project("{2150E333-8FDC-42A3-9474-1A3956D46DE8}") = "PomodoroTechnique", "PomodoroTechnique", "{80481254-ACF5-4BF1-99DD-3B7D5754585F}"
EndProject
Project("{2150E333-8FDC-42A3-9474-1A3956D46DE8}") = "RoutineTracking", "RoutineTracking", "{526B625E-B3F9-4819-AF28-E587AC0F0550}"
EndProject
Project("{2150E333-8FDC-42A3-9474-1A3956D46DE8}") = "TaskManagement", "TaskManagement", "{01116369-E4F3-4067-8E1A-DC3B636B899E}"
EndProject
Project("{FAE04EC0-301F-11D3-BF4B-00C04F79EFBC}") = "FlowtimeTechnique.ApplicationCore", "src\FlowtimeTechnique.ApplicationCore\FlowtimeTechnique.ApplicationCore.csproj", "{BC8666F6-0764-4103-BB86-0931EE0DE1AF}"
EndProject
Project("{FAE04EC0-301F-11D3-BF4B-00C04F79EFBC}") = "TaskManagement.ApplicationCore", "src\TaskManagement.ApplicationCore\TaskManagement.ApplicationCore.csproj", "{7E5DB000-615E-4C2A-8A51-2C0D19A2F35D}"
EndProject
Global
	GlobalSection(SolutionConfigurationPlatforms) = preSolution
		Debug|Any CPU = Debug|Any CPU
		Debug|x64 = Debug|x64
		Debug|x86 = Debug|x86
		Release|Any CPU = Release|Any CPU
		Release|x64 = Release|x64
		Release|x86 = Release|x86
	EndGlobalSection
	GlobalSection(ProjectConfigurationPlatforms) = postSolution
		{BEFBBFC0-EB8A-422A-9826-07927C7E23A5}.Debug|Any CPU.ActiveCfg = Debug|Any CPU
		{BEFBBFC0-EB8A-422A-9826-07927C7E23A5}.Debug|Any CPU.Build.0 = Debug|Any CPU
		{BEFBBFC0-EB8A-422A-9826-07927C7E23A5}.Debug|x64.ActiveCfg = Debug|Any CPU
		{BEFBBFC0-EB8A-422A-9826-07927C7E23A5}.Debug|x64.Build.0 = Debug|Any CPU
		{BEFBBFC0-EB8A-422A-9826-07927C7E23A5}.Debug|x86.ActiveCfg = Debug|Any CPU
		{BEFBBFC0-EB8A-422A-9826-07927C7E23A5}.Debug|x86.Build.0 = Debug|Any CPU
		{BEFBBFC0-EB8A-422A-9826-07927C7E23A5}.Release|Any CPU.ActiveCfg = Release|Any CPU
		{BEFBBFC0-EB8A-422A-9826-07927C7E23A5}.Release|Any CPU.Build.0 = Release|Any CPU
		{BEFBBFC0-EB8A-422A-9826-07927C7E23A5}.Release|x64.ActiveCfg = Release|Any CPU
		{BEFBBFC0-EB8A-422A-9826-07927C7E23A5}.Release|x64.Build.0 = Release|Any CPU
		{BEFBBFC0-EB8A-422A-9826-07927C7E23A5}.Release|x86.ActiveCfg = Release|Any CPU
		{BEFBBFC0-EB8A-422A-9826-07927C7E23A5}.Release|x86.Build.0 = Release|Any CPU
		{995AC0FF-9DD2-4E8E-BBFA-6E65D0CC7847}.Debug|Any CPU.ActiveCfg = Debug|Any CPU
		{995AC0FF-9DD2-4E8E-BBFA-6E65D0CC7847}.Debug|Any CPU.Build.0 = Debug|Any CPU
		{995AC0FF-9DD2-4E8E-BBFA-6E65D0CC7847}.Debug|x64.ActiveCfg = Debug|Any CPU
		{995AC0FF-9DD2-4E8E-BBFA-6E65D0CC7847}.Debug|x64.Build.0 = Debug|Any CPU
		{995AC0FF-9DD2-4E8E-BBFA-6E65D0CC7847}.Debug|x86.ActiveCfg = Debug|Any CPU
		{995AC0FF-9DD2-4E8E-BBFA-6E65D0CC7847}.Debug|x86.Build.0 = Debug|Any CPU
		{995AC0FF-9DD2-4E8E-BBFA-6E65D0CC7847}.Release|Any CPU.ActiveCfg = Release|Any CPU
		{995AC0FF-9DD2-4E8E-BBFA-6E65D0CC7847}.Release|Any CPU.Build.0 = Release|Any CPU
		{995AC0FF-9DD2-4E8E-BBFA-6E65D0CC7847}.Release|x64.ActiveCfg = Release|Any CPU
		{995AC0FF-9DD2-4E8E-BBFA-6E65D0CC7847}.Release|x64.Build.0 = Release|Any CPU
		{995AC0FF-9DD2-4E8E-BBFA-6E65D0CC7847}.Release|x86.ActiveCfg = Release|Any CPU
		{995AC0FF-9DD2-4E8E-BBFA-6E65D0CC7847}.Release|x86.Build.0 = Release|Any CPU
		{F63FB81D-C1E4-4842-975A-4519D5BAE9A7}.Debug|Any CPU.ActiveCfg = Debug|Any CPU
		{F63FB81D-C1E4-4842-975A-4519D5BAE9A7}.Debug|Any CPU.Build.0 = Debug|Any CPU
		{F63FB81D-C1E4-4842-975A-4519D5BAE9A7}.Debug|x64.ActiveCfg = Debug|Any CPU
		{F63FB81D-C1E4-4842-975A-4519D5BAE9A7}.Debug|x64.Build.0 = Debug|Any CPU
		{F63FB81D-C1E4-4842-975A-4519D5BAE9A7}.Debug|x86.ActiveCfg = Debug|Any CPU
		{F63FB81D-C1E4-4842-975A-4519D5BAE9A7}.Debug|x86.Build.0 = Debug|Any CPU
		{F63FB81D-C1E4-4842-975A-4519D5BAE9A7}.Release|Any CPU.ActiveCfg = Release|Any CPU
		{F63FB81D-C1E4-4842-975A-4519D5BAE9A7}.Release|Any CPU.Build.0 = Release|Any CPU
		{F63FB81D-C1E4-4842-975A-4519D5BAE9A7}.Release|x64.ActiveCfg = Release|Any CPU
		{F63FB81D-C1E4-4842-975A-4519D5BAE9A7}.Release|x64.Build.0 = Release|Any CPU
		{F63FB81D-C1E4-4842-975A-4519D5BAE9A7}.Release|x86.ActiveCfg = Release|Any CPU
		{F63FB81D-C1E4-4842-975A-4519D5BAE9A7}.Release|x86.Build.0 = Release|Any CPU
		{6B2303A3-5733-46E6-9395-32AA5A64EE67}.Debug|Any CPU.ActiveCfg = Debug|Any CPU
		{6B2303A3-5733-46E6-9395-32AA5A64EE67}.Debug|Any CPU.Build.0 = Debug|Any CPU
		{6B2303A3-5733-46E6-9395-32AA5A64EE67}.Debug|x64.ActiveCfg = Debug|Any CPU
		{6B2303A3-5733-46E6-9395-32AA5A64EE67}.Debug|x64.Build.0 = Debug|Any CPU
		{6B2303A3-5733-46E6-9395-32AA5A64EE67}.Debug|x86.ActiveCfg = Debug|Any CPU
		{6B2303A3-5733-46E6-9395-32AA5A64EE67}.Debug|x86.Build.0 = Debug|Any CPU
		{6B2303A3-5733-46E6-9395-32AA5A64EE67}.Release|Any CPU.ActiveCfg = Release|Any CPU
		{6B2303A3-5733-46E6-9395-32AA5A64EE67}.Release|Any CPU.Build.0 = Release|Any CPU
		{6B2303A3-5733-46E6-9395-32AA5A64EE67}.Release|x64.ActiveCfg = Release|Any CPU
		{6B2303A3-5733-46E6-9395-32AA5A64EE67}.Release|x64.Build.0 = Release|Any CPU
		{6B2303A3-5733-46E6-9395-32AA5A64EE67}.Release|x86.ActiveCfg = Release|Any CPU
		{6B2303A3-5733-46E6-9395-32AA5A64EE67}.Release|x86.Build.0 = Release|Any CPU
		{05A25C09-FF05-4B60-9CE5-386E446A741E}.Debug|Any CPU.ActiveCfg = Debug|Any CPU
		{05A25C09-FF05-4B60-9CE5-386E446A741E}.Debug|Any CPU.Build.0 = Debug|Any CPU
		{05A25C09-FF05-4B60-9CE5-386E446A741E}.Debug|x64.ActiveCfg = Debug|Any CPU
		{05A25C09-FF05-4B60-9CE5-386E446A741E}.Debug|x64.Build.0 = Debug|Any CPU
		{05A25C09-FF05-4B60-9CE5-386E446A741E}.Debug|x86.ActiveCfg = Debug|Any CPU
		{05A25C09-FF05-4B60-9CE5-386E446A741E}.Debug|x86.Build.0 = Debug|Any CPU
		{05A25C09-FF05-4B60-9CE5-386E446A741E}.Release|Any CPU.ActiveCfg = Release|Any CPU
		{05A25C09-FF05-4B60-9CE5-386E446A741E}.Release|Any CPU.Build.0 = Release|Any CPU
		{05A25C09-FF05-4B60-9CE5-386E446A741E}.Release|x64.ActiveCfg = Release|Any CPU
		{05A25C09-FF05-4B60-9CE5-386E446A741E}.Release|x64.Build.0 = Release|Any CPU
		{05A25C09-FF05-4B60-9CE5-386E446A741E}.Release|x86.ActiveCfg = Release|Any CPU
		{05A25C09-FF05-4B60-9CE5-386E446A741E}.Release|x86.Build.0 = Release|Any CPU
		{183B7F33-38BE-41D9-B69A-438019FFE06D}.Debug|Any CPU.ActiveCfg = Debug|Any CPU
		{183B7F33-38BE-41D9-B69A-438019FFE06D}.Debug|Any CPU.Build.0 = Debug|Any CPU
		{183B7F33-38BE-41D9-B69A-438019FFE06D}.Debug|x64.ActiveCfg = Debug|Any CPU
		{183B7F33-38BE-41D9-B69A-438019FFE06D}.Debug|x64.Build.0 = Debug|Any CPU
		{183B7F33-38BE-41D9-B69A-438019FFE06D}.Debug|x86.ActiveCfg = Debug|Any CPU
		{183B7F33-38BE-41D9-B69A-438019FFE06D}.Debug|x86.Build.0 = Debug|Any CPU
		{183B7F33-38BE-41D9-B69A-438019FFE06D}.Release|Any CPU.ActiveCfg = Release|Any CPU
		{183B7F33-38BE-41D9-B69A-438019FFE06D}.Release|Any CPU.Build.0 = Release|Any CPU
		{183B7F33-38BE-41D9-B69A-438019FFE06D}.Release|x64.ActiveCfg = Release|Any CPU
		{183B7F33-38BE-41D9-B69A-438019FFE06D}.Release|x64.Build.0 = Release|Any CPU
		{183B7F33-38BE-41D9-B69A-438019FFE06D}.Release|x86.ActiveCfg = Release|Any CPU
		{183B7F33-38BE-41D9-B69A-438019FFE06D}.Release|x86.Build.0 = Release|Any CPU
		{9CC7EB5D-1ADD-4D93-BC9C-5D51983742B8}.Debug|Any CPU.ActiveCfg = Debug|Any CPU
		{9CC7EB5D-1ADD-4D93-BC9C-5D51983742B8}.Debug|Any CPU.Build.0 = Debug|Any CPU
		{9CC7EB5D-1ADD-4D93-BC9C-5D51983742B8}.Debug|x64.ActiveCfg = Debug|Any CPU
		{9CC7EB5D-1ADD-4D93-BC9C-5D51983742B8}.Debug|x64.Build.0 = Debug|Any CPU
		{9CC7EB5D-1ADD-4D93-BC9C-5D51983742B8}.Debug|x86.ActiveCfg = Debug|Any CPU
		{9CC7EB5D-1ADD-4D93-BC9C-5D51983742B8}.Debug|x86.Build.0 = Debug|Any CPU
		{9CC7EB5D-1ADD-4D93-BC9C-5D51983742B8}.Release|Any CPU.ActiveCfg = Release|Any CPU
		{9CC7EB5D-1ADD-4D93-BC9C-5D51983742B8}.Release|Any CPU.Build.0 = Release|Any CPU
		{9CC7EB5D-1ADD-4D93-BC9C-5D51983742B8}.Release|x64.ActiveCfg = Release|Any CPU
		{9CC7EB5D-1ADD-4D93-BC9C-5D51983742B8}.Release|x64.Build.0 = Release|Any CPU
		{9CC7EB5D-1ADD-4D93-BC9C-5D51983742B8}.Release|x86.ActiveCfg = Release|Any CPU
		{9CC7EB5D-1ADD-4D93-BC9C-5D51983742B8}.Release|x86.Build.0 = Release|Any CPU
		{89E16C7B-9016-48AB-A27B-9CED77BF8B47}.Debug|Any CPU.ActiveCfg = Debug|Any CPU
		{89E16C7B-9016-48AB-A27B-9CED77BF8B47}.Debug|Any CPU.Build.0 = Debug|Any CPU
		{89E16C7B-9016-48AB-A27B-9CED77BF8B47}.Debug|x64.ActiveCfg = Debug|Any CPU
		{89E16C7B-9016-48AB-A27B-9CED77BF8B47}.Debug|x64.Build.0 = Debug|Any CPU
		{89E16C7B-9016-48AB-A27B-9CED77BF8B47}.Debug|x86.ActiveCfg = Debug|Any CPU
		{89E16C7B-9016-48AB-A27B-9CED77BF8B47}.Debug|x86.Build.0 = Debug|Any CPU
		{89E16C7B-9016-48AB-A27B-9CED77BF8B47}.Release|Any CPU.ActiveCfg = Release|Any CPU
		{89E16C7B-9016-48AB-A27B-9CED77BF8B47}.Release|Any CPU.Build.0 = Release|Any CPU
		{89E16C7B-9016-48AB-A27B-9CED77BF8B47}.Release|x64.ActiveCfg = Release|Any CPU
		{89E16C7B-9016-48AB-A27B-9CED77BF8B47}.Release|x64.Build.0 = Release|Any CPU
		{89E16C7B-9016-48AB-A27B-9CED77BF8B47}.Release|x86.ActiveCfg = Release|Any CPU
		{89E16C7B-9016-48AB-A27B-9CED77BF8B47}.Release|x86.Build.0 = Release|Any CPU
		{0F1E0370-73E1-49B9-8B1A-B21C6F9926F8}.Debug|Any CPU.ActiveCfg = Debug|Any CPU
		{0F1E0370-73E1-49B9-8B1A-B21C6F9926F8}.Debug|Any CPU.Build.0 = Debug|Any CPU
		{0F1E0370-73E1-49B9-8B1A-B21C6F9926F8}.Debug|x64.ActiveCfg = Debug|Any CPU
		{0F1E0370-73E1-49B9-8B1A-B21C6F9926F8}.Debug|x64.Build.0 = Debug|Any CPU
		{0F1E0370-73E1-49B9-8B1A-B21C6F9926F8}.Debug|x86.ActiveCfg = Debug|Any CPU
		{0F1E0370-73E1-49B9-8B1A-B21C6F9926F8}.Debug|x86.Build.0 = Debug|Any CPU
		{0F1E0370-73E1-49B9-8B1A-B21C6F9926F8}.Release|Any CPU.ActiveCfg = Release|Any CPU
		{0F1E0370-73E1-49B9-8B1A-B21C6F9926F8}.Release|Any CPU.Build.0 = Release|Any CPU
		{0F1E0370-73E1-49B9-8B1A-B21C6F9926F8}.Release|x64.ActiveCfg = Release|Any CPU
		{0F1E0370-73E1-49B9-8B1A-B21C6F9926F8}.Release|x64.Build.0 = Release|Any CPU
		{0F1E0370-73E1-49B9-8B1A-B21C6F9926F8}.Release|x86.ActiveCfg = Release|Any CPU
		{0F1E0370-73E1-49B9-8B1A-B21C6F9926F8}.Release|x86.Build.0 = Release|Any CPU
		{611AE9B2-C11A-4320-82C9-764B1B4E8B0E}.Debug|Any CPU.ActiveCfg = Debug|Any CPU
		{611AE9B2-C11A-4320-82C9-764B1B4E8B0E}.Debug|Any CPU.Build.0 = Debug|Any CPU
		{611AE9B2-C11A-4320-82C9-764B1B4E8B0E}.Debug|x64.ActiveCfg = Debug|Any CPU
		{611AE9B2-C11A-4320-82C9-764B1B4E8B0E}.Debug|x64.Build.0 = Debug|Any CPU
		{611AE9B2-C11A-4320-82C9-764B1B4E8B0E}.Debug|x86.ActiveCfg = Debug|Any CPU
		{611AE9B2-C11A-4320-82C9-764B1B4E8B0E}.Debug|x86.Build.0 = Debug|Any CPU
		{611AE9B2-C11A-4320-82C9-764B1B4E8B0E}.Release|Any CPU.ActiveCfg = Release|Any CPU
		{611AE9B2-C11A-4320-82C9-764B1B4E8B0E}.Release|Any CPU.Build.0 = Release|Any CPU
		{611AE9B2-C11A-4320-82C9-764B1B4E8B0E}.Release|x64.ActiveCfg = Release|Any CPU
		{611AE9B2-C11A-4320-82C9-764B1B4E8B0E}.Release|x64.Build.0 = Release|Any CPU
		{611AE9B2-C11A-4320-82C9-764B1B4E8B0E}.Release|x86.ActiveCfg = Release|Any CPU
		{611AE9B2-C11A-4320-82C9-764B1B4E8B0E}.Release|x86.Build.0 = Release|Any CPU
		{4355D629-88DA-4417-AF6E-9ACEB5FE3B5B}.Debug|Any CPU.ActiveCfg = Debug|Any CPU
		{4355D629-88DA-4417-AF6E-9ACEB5FE3B5B}.Debug|Any CPU.Build.0 = Debug|Any CPU
		{4355D629-88DA-4417-AF6E-9ACEB5FE3B5B}.Debug|x64.ActiveCfg = Debug|Any CPU
		{4355D629-88DA-4417-AF6E-9ACEB5FE3B5B}.Debug|x64.Build.0 = Debug|Any CPU
		{4355D629-88DA-4417-AF6E-9ACEB5FE3B5B}.Debug|x86.ActiveCfg = Debug|Any CPU
		{4355D629-88DA-4417-AF6E-9ACEB5FE3B5B}.Debug|x86.Build.0 = Debug|Any CPU
		{4355D629-88DA-4417-AF6E-9ACEB5FE3B5B}.Release|Any CPU.ActiveCfg = Release|Any CPU
		{4355D629-88DA-4417-AF6E-9ACEB5FE3B5B}.Release|Any CPU.Build.0 = Release|Any CPU
		{4355D629-88DA-4417-AF6E-9ACEB5FE3B5B}.Release|x64.ActiveCfg = Release|Any CPU
		{4355D629-88DA-4417-AF6E-9ACEB5FE3B5B}.Release|x64.Build.0 = Release|Any CPU
		{4355D629-88DA-4417-AF6E-9ACEB5FE3B5B}.Release|x86.ActiveCfg = Release|Any CPU
		{4355D629-88DA-4417-AF6E-9ACEB5FE3B5B}.Release|x86.Build.0 = Release|Any CPU
		{9AAFC7F7-29CD-497A-9BA6-CB8A81BE53AB}.Debug|Any CPU.ActiveCfg = Debug|Any CPU
		{9AAFC7F7-29CD-497A-9BA6-CB8A81BE53AB}.Debug|Any CPU.Build.0 = Debug|Any CPU
		{9AAFC7F7-29CD-497A-9BA6-CB8A81BE53AB}.Debug|x64.ActiveCfg = Debug|Any CPU
		{9AAFC7F7-29CD-497A-9BA6-CB8A81BE53AB}.Debug|x64.Build.0 = Debug|Any CPU
		{9AAFC7F7-29CD-497A-9BA6-CB8A81BE53AB}.Debug|x86.ActiveCfg = Debug|Any CPU
		{9AAFC7F7-29CD-497A-9BA6-CB8A81BE53AB}.Debug|x86.Build.0 = Debug|Any CPU
		{9AAFC7F7-29CD-497A-9BA6-CB8A81BE53AB}.Release|Any CPU.ActiveCfg = Release|Any CPU
		{9AAFC7F7-29CD-497A-9BA6-CB8A81BE53AB}.Release|Any CPU.Build.0 = Release|Any CPU
		{9AAFC7F7-29CD-497A-9BA6-CB8A81BE53AB}.Release|x64.ActiveCfg = Release|Any CPU
		{9AAFC7F7-29CD-497A-9BA6-CB8A81BE53AB}.Release|x64.Build.0 = Release|Any CPU
		{9AAFC7F7-29CD-497A-9BA6-CB8A81BE53AB}.Release|x86.ActiveCfg = Release|Any CPU
		{9AAFC7F7-29CD-497A-9BA6-CB8A81BE53AB}.Release|x86.Build.0 = Release|Any CPU
		{6C1A5D18-259E-4E24-91ED-FED2FD242AE9}.Debug|Any CPU.ActiveCfg = Debug|Any CPU
		{6C1A5D18-259E-4E24-91ED-FED2FD242AE9}.Debug|Any CPU.Build.0 = Debug|Any CPU
		{6C1A5D18-259E-4E24-91ED-FED2FD242AE9}.Debug|x64.ActiveCfg = Debug|Any CPU
		{6C1A5D18-259E-4E24-91ED-FED2FD242AE9}.Debug|x64.Build.0 = Debug|Any CPU
		{6C1A5D18-259E-4E24-91ED-FED2FD242AE9}.Debug|x86.ActiveCfg = Debug|Any CPU
		{6C1A5D18-259E-4E24-91ED-FED2FD242AE9}.Debug|x86.Build.0 = Debug|Any CPU
		{6C1A5D18-259E-4E24-91ED-FED2FD242AE9}.Release|Any CPU.ActiveCfg = Release|Any CPU
		{6C1A5D18-259E-4E24-91ED-FED2FD242AE9}.Release|Any CPU.Build.0 = Release|Any CPU
		{6C1A5D18-259E-4E24-91ED-FED2FD242AE9}.Release|x64.ActiveCfg = Release|Any CPU
		{6C1A5D18-259E-4E24-91ED-FED2FD242AE9}.Release|x64.Build.0 = Release|Any CPU
		{6C1A5D18-259E-4E24-91ED-FED2FD242AE9}.Release|x86.ActiveCfg = Release|Any CPU
		{6C1A5D18-259E-4E24-91ED-FED2FD242AE9}.Release|x86.Build.0 = Release|Any CPU
		{6DC1A1CF-5EB4-4E0E-8B37-7D6CD602E65D}.Debug|Any CPU.ActiveCfg = Debug|Any CPU
		{6DC1A1CF-5EB4-4E0E-8B37-7D6CD602E65D}.Debug|Any CPU.Build.0 = Debug|Any CPU
		{6DC1A1CF-5EB4-4E0E-8B37-7D6CD602E65D}.Debug|x64.ActiveCfg = Debug|Any CPU
		{6DC1A1CF-5EB4-4E0E-8B37-7D6CD602E65D}.Debug|x64.Build.0 = Debug|Any CPU
		{6DC1A1CF-5EB4-4E0E-8B37-7D6CD602E65D}.Debug|x86.ActiveCfg = Debug|Any CPU
		{6DC1A1CF-5EB4-4E0E-8B37-7D6CD602E65D}.Debug|x86.Build.0 = Debug|Any CPU
		{6DC1A1CF-5EB4-4E0E-8B37-7D6CD602E65D}.Release|Any CPU.ActiveCfg = Release|Any CPU
		{6DC1A1CF-5EB4-4E0E-8B37-7D6CD602E65D}.Release|Any CPU.Build.0 = Release|Any CPU
		{6DC1A1CF-5EB4-4E0E-8B37-7D6CD602E65D}.Release|x64.ActiveCfg = Release|Any CPU
		{6DC1A1CF-5EB4-4E0E-8B37-7D6CD602E65D}.Release|x64.Build.0 = Release|Any CPU
		{6DC1A1CF-5EB4-4E0E-8B37-7D6CD602E65D}.Release|x86.ActiveCfg = Release|Any CPU
		{6DC1A1CF-5EB4-4E0E-8B37-7D6CD602E65D}.Release|x86.Build.0 = Release|Any CPU
		{01EE1672-896B-423C-B9F2-DBE0FE61063F}.Debug|Any CPU.ActiveCfg = Debug|Any CPU
		{01EE1672-896B-423C-B9F2-DBE0FE61063F}.Debug|Any CPU.Build.0 = Debug|Any CPU
		{01EE1672-896B-423C-B9F2-DBE0FE61063F}.Debug|x64.ActiveCfg = Debug|Any CPU
		{01EE1672-896B-423C-B9F2-DBE0FE61063F}.Debug|x64.Build.0 = Debug|Any CPU
		{01EE1672-896B-423C-B9F2-DBE0FE61063F}.Debug|x86.ActiveCfg = Debug|Any CPU
		{01EE1672-896B-423C-B9F2-DBE0FE61063F}.Debug|x86.Build.0 = Debug|Any CPU
		{01EE1672-896B-423C-B9F2-DBE0FE61063F}.Release|Any CPU.ActiveCfg = Release|Any CPU
		{01EE1672-896B-423C-B9F2-DBE0FE61063F}.Release|Any CPU.Build.0 = Release|Any CPU
		{01EE1672-896B-423C-B9F2-DBE0FE61063F}.Release|x64.ActiveCfg = Release|Any CPU
		{01EE1672-896B-423C-B9F2-DBE0FE61063F}.Release|x64.Build.0 = Release|Any CPU
		{01EE1672-896B-423C-B9F2-DBE0FE61063F}.Release|x86.ActiveCfg = Release|Any CPU
		{01EE1672-896B-423C-B9F2-DBE0FE61063F}.Release|x86.Build.0 = Release|Any CPU
		{0DFCA311-3AF8-4E13-9ABC-88238A5B9027}.Debug|Any CPU.ActiveCfg = Debug|Any CPU
		{0DFCA311-3AF8-4E13-9ABC-88238A5B9027}.Debug|Any CPU.Build.0 = Debug|Any CPU
		{0DFCA311-3AF8-4E13-9ABC-88238A5B9027}.Debug|x64.ActiveCfg = Debug|Any CPU
		{0DFCA311-3AF8-4E13-9ABC-88238A5B9027}.Debug|x64.Build.0 = Debug|Any CPU
		{0DFCA311-3AF8-4E13-9ABC-88238A5B9027}.Debug|x86.ActiveCfg = Debug|Any CPU
		{0DFCA311-3AF8-4E13-9ABC-88238A5B9027}.Debug|x86.Build.0 = Debug|Any CPU
		{0DFCA311-3AF8-4E13-9ABC-88238A5B9027}.Release|Any CPU.ActiveCfg = Release|Any CPU
		{0DFCA311-3AF8-4E13-9ABC-88238A5B9027}.Release|Any CPU.Build.0 = Release|Any CPU
		{0DFCA311-3AF8-4E13-9ABC-88238A5B9027}.Release|x64.ActiveCfg = Release|Any CPU
		{0DFCA311-3AF8-4E13-9ABC-88238A5B9027}.Release|x64.Build.0 = Release|Any CPU
		{0DFCA311-3AF8-4E13-9ABC-88238A5B9027}.Release|x86.ActiveCfg = Release|Any CPU
		{0DFCA311-3AF8-4E13-9ABC-88238A5B9027}.Release|x86.Build.0 = Release|Any CPU
		{BA4A789D-E3A2-4451-A26F-7DEB527E2404}.Debug|Any CPU.ActiveCfg = Debug|Any CPU
		{BA4A789D-E3A2-4451-A26F-7DEB527E2404}.Debug|Any CPU.Build.0 = Debug|Any CPU
		{BA4A789D-E3A2-4451-A26F-7DEB527E2404}.Debug|x64.ActiveCfg = Debug|Any CPU
		{BA4A789D-E3A2-4451-A26F-7DEB527E2404}.Debug|x64.Build.0 = Debug|Any CPU
		{BA4A789D-E3A2-4451-A26F-7DEB527E2404}.Debug|x86.ActiveCfg = Debug|Any CPU
		{BA4A789D-E3A2-4451-A26F-7DEB527E2404}.Debug|x86.Build.0 = Debug|Any CPU
		{BA4A789D-E3A2-4451-A26F-7DEB527E2404}.Release|Any CPU.ActiveCfg = Release|Any CPU
		{BA4A789D-E3A2-4451-A26F-7DEB527E2404}.Release|Any CPU.Build.0 = Release|Any CPU
		{BA4A789D-E3A2-4451-A26F-7DEB527E2404}.Release|x64.ActiveCfg = Release|Any CPU
		{BA4A789D-E3A2-4451-A26F-7DEB527E2404}.Release|x64.Build.0 = Release|Any CPU
		{BA4A789D-E3A2-4451-A26F-7DEB527E2404}.Release|x86.ActiveCfg = Release|Any CPU
		{BA4A789D-E3A2-4451-A26F-7DEB527E2404}.Release|x86.Build.0 = Release|Any CPU
		{0D1EDCB9-8374-436A-87F9-11F756C45699}.Debug|Any CPU.ActiveCfg = Debug|Any CPU
		{0D1EDCB9-8374-436A-87F9-11F756C45699}.Debug|Any CPU.Build.0 = Debug|Any CPU
		{0D1EDCB9-8374-436A-87F9-11F756C45699}.Debug|x64.ActiveCfg = Debug|Any CPU
		{0D1EDCB9-8374-436A-87F9-11F756C45699}.Debug|x64.Build.0 = Debug|Any CPU
		{0D1EDCB9-8374-436A-87F9-11F756C45699}.Debug|x86.ActiveCfg = Debug|Any CPU
		{0D1EDCB9-8374-436A-87F9-11F756C45699}.Debug|x86.Build.0 = Debug|Any CPU
		{0D1EDCB9-8374-436A-87F9-11F756C45699}.Release|Any CPU.ActiveCfg = Release|Any CPU
		{0D1EDCB9-8374-436A-87F9-11F756C45699}.Release|Any CPU.Build.0 = Release|Any CPU
		{0D1EDCB9-8374-436A-87F9-11F756C45699}.Release|x64.ActiveCfg = Release|Any CPU
		{0D1EDCB9-8374-436A-87F9-11F756C45699}.Release|x64.Build.0 = Release|Any CPU
		{0D1EDCB9-8374-436A-87F9-11F756C45699}.Release|x86.ActiveCfg = Release|Any CPU
		{0D1EDCB9-8374-436A-87F9-11F756C45699}.Release|x86.Build.0 = Release|Any CPU
		{AD5C1B7C-7269-4138-B043-F4651E2F404D}.Debug|Any CPU.ActiveCfg = Debug|Any CPU
		{AD5C1B7C-7269-4138-B043-F4651E2F404D}.Debug|Any CPU.Build.0 = Debug|Any CPU
		{AD5C1B7C-7269-4138-B043-F4651E2F404D}.Debug|x64.ActiveCfg = Debug|Any CPU
		{AD5C1B7C-7269-4138-B043-F4651E2F404D}.Debug|x64.Build.0 = Debug|Any CPU
		{AD5C1B7C-7269-4138-B043-F4651E2F404D}.Debug|x86.ActiveCfg = Debug|Any CPU
		{AD5C1B7C-7269-4138-B043-F4651E2F404D}.Debug|x86.Build.0 = Debug|Any CPU
		{AD5C1B7C-7269-4138-B043-F4651E2F404D}.Release|Any CPU.ActiveCfg = Release|Any CPU
		{AD5C1B7C-7269-4138-B043-F4651E2F404D}.Release|Any CPU.Build.0 = Release|Any CPU
		{AD5C1B7C-7269-4138-B043-F4651E2F404D}.Release|x64.ActiveCfg = Release|Any CPU
		{AD5C1B7C-7269-4138-B043-F4651E2F404D}.Release|x64.Build.0 = Release|Any CPU
		{AD5C1B7C-7269-4138-B043-F4651E2F404D}.Release|x86.ActiveCfg = Release|Any CPU
		{AD5C1B7C-7269-4138-B043-F4651E2F404D}.Release|x86.Build.0 = Release|Any CPU
		{2F4714ED-DDF9-4123-9C31-AD875BB9A26F}.Debug|Any CPU.ActiveCfg = Debug|Any CPU
		{2F4714ED-DDF9-4123-9C31-AD875BB9A26F}.Debug|Any CPU.Build.0 = Debug|Any CPU
		{2F4714ED-DDF9-4123-9C31-AD875BB9A26F}.Debug|x64.ActiveCfg = Debug|Any CPU
		{2F4714ED-DDF9-4123-9C31-AD875BB9A26F}.Debug|x64.Build.0 = Debug|Any CPU
		{2F4714ED-DDF9-4123-9C31-AD875BB9A26F}.Debug|x86.ActiveCfg = Debug|Any CPU
		{2F4714ED-DDF9-4123-9C31-AD875BB9A26F}.Debug|x86.Build.0 = Debug|Any CPU
		{2F4714ED-DDF9-4123-9C31-AD875BB9A26F}.Release|Any CPU.ActiveCfg = Release|Any CPU
		{2F4714ED-DDF9-4123-9C31-AD875BB9A26F}.Release|Any CPU.Build.0 = Release|Any CPU
		{2F4714ED-DDF9-4123-9C31-AD875BB9A26F}.Release|x64.ActiveCfg = Release|Any CPU
		{2F4714ED-DDF9-4123-9C31-AD875BB9A26F}.Release|x64.Build.0 = Release|Any CPU
		{2F4714ED-DDF9-4123-9C31-AD875BB9A26F}.Release|x86.ActiveCfg = Release|Any CPU
		{2F4714ED-DDF9-4123-9C31-AD875BB9A26F}.Release|x86.Build.0 = Release|Any CPU
		{6D5CCBA9-1CA9-41E6-AD22-D0652E15F6AC}.Debug|Any CPU.ActiveCfg = Debug|Any CPU
		{6D5CCBA9-1CA9-41E6-AD22-D0652E15F6AC}.Debug|Any CPU.Build.0 = Debug|Any CPU
		{6D5CCBA9-1CA9-41E6-AD22-D0652E15F6AC}.Debug|x64.ActiveCfg = Debug|Any CPU
		{6D5CCBA9-1CA9-41E6-AD22-D0652E15F6AC}.Debug|x64.Build.0 = Debug|Any CPU
		{6D5CCBA9-1CA9-41E6-AD22-D0652E15F6AC}.Debug|x86.ActiveCfg = Debug|Any CPU
		{6D5CCBA9-1CA9-41E6-AD22-D0652E15F6AC}.Debug|x86.Build.0 = Debug|Any CPU
		{6D5CCBA9-1CA9-41E6-AD22-D0652E15F6AC}.Release|Any CPU.ActiveCfg = Release|Any CPU
		{6D5CCBA9-1CA9-41E6-AD22-D0652E15F6AC}.Release|Any CPU.Build.0 = Release|Any CPU
		{6D5CCBA9-1CA9-41E6-AD22-D0652E15F6AC}.Release|x64.ActiveCfg = Release|Any CPU
		{6D5CCBA9-1CA9-41E6-AD22-D0652E15F6AC}.Release|x64.Build.0 = Release|Any CPU
		{6D5CCBA9-1CA9-41E6-AD22-D0652E15F6AC}.Release|x86.ActiveCfg = Release|Any CPU
		{6D5CCBA9-1CA9-41E6-AD22-D0652E15F6AC}.Release|x86.Build.0 = Release|Any CPU
		{38F595D0-BC84-4026-8458-9DBE9612257A}.Debug|Any CPU.ActiveCfg = Debug|Any CPU
		{38F595D0-BC84-4026-8458-9DBE9612257A}.Debug|Any CPU.Build.0 = Debug|Any CPU
		{38F595D0-BC84-4026-8458-9DBE9612257A}.Debug|x64.ActiveCfg = Debug|Any CPU
		{38F595D0-BC84-4026-8458-9DBE9612257A}.Debug|x64.Build.0 = Debug|Any CPU
		{38F595D0-BC84-4026-8458-9DBE9612257A}.Debug|x86.ActiveCfg = Debug|Any CPU
		{38F595D0-BC84-4026-8458-9DBE9612257A}.Debug|x86.Build.0 = Debug|Any CPU
		{38F595D0-BC84-4026-8458-9DBE9612257A}.Release|Any CPU.ActiveCfg = Release|Any CPU
		{38F595D0-BC84-4026-8458-9DBE9612257A}.Release|Any CPU.Build.0 = Release|Any CPU
		{38F595D0-BC84-4026-8458-9DBE9612257A}.Release|x64.ActiveCfg = Release|Any CPU
		{38F595D0-BC84-4026-8458-9DBE9612257A}.Release|x64.Build.0 = Release|Any CPU
		{38F595D0-BC84-4026-8458-9DBE9612257A}.Release|x86.ActiveCfg = Release|Any CPU
		{38F595D0-BC84-4026-8458-9DBE9612257A}.Release|x86.Build.0 = Release|Any CPU
		{20D8F874-E487-41A2-8F97-F30020D2D9BB}.Debug|Any CPU.ActiveCfg = Debug|Any CPU
		{20D8F874-E487-41A2-8F97-F30020D2D9BB}.Debug|Any CPU.Build.0 = Debug|Any CPU
		{20D8F874-E487-41A2-8F97-F30020D2D9BB}.Debug|x64.ActiveCfg = Debug|Any CPU
		{20D8F874-E487-41A2-8F97-F30020D2D9BB}.Debug|x64.Build.0 = Debug|Any CPU
		{20D8F874-E487-41A2-8F97-F30020D2D9BB}.Debug|x86.ActiveCfg = Debug|Any CPU
		{20D8F874-E487-41A2-8F97-F30020D2D9BB}.Debug|x86.Build.0 = Debug|Any CPU
		{20D8F874-E487-41A2-8F97-F30020D2D9BB}.Release|Any CPU.ActiveCfg = Release|Any CPU
		{20D8F874-E487-41A2-8F97-F30020D2D9BB}.Release|Any CPU.Build.0 = Release|Any CPU
		{20D8F874-E487-41A2-8F97-F30020D2D9BB}.Release|x64.ActiveCfg = Release|Any CPU
		{20D8F874-E487-41A2-8F97-F30020D2D9BB}.Release|x64.Build.0 = Release|Any CPU
		{20D8F874-E487-41A2-8F97-F30020D2D9BB}.Release|x86.ActiveCfg = Release|Any CPU
		{20D8F874-E487-41A2-8F97-F30020D2D9BB}.Release|x86.Build.0 = Release|Any CPU
		{05F4EFA8-B2CC-4F5A-9807-DA2ACF3CAFCA}.Debug|Any CPU.ActiveCfg = Debug|Any CPU
		{05F4EFA8-B2CC-4F5A-9807-DA2ACF3CAFCA}.Debug|Any CPU.Build.0 = Debug|Any CPU
		{05F4EFA8-B2CC-4F5A-9807-DA2ACF3CAFCA}.Debug|x64.ActiveCfg = Debug|Any CPU
		{05F4EFA8-B2CC-4F5A-9807-DA2ACF3CAFCA}.Debug|x64.Build.0 = Debug|Any CPU
		{05F4EFA8-B2CC-4F5A-9807-DA2ACF3CAFCA}.Debug|x86.ActiveCfg = Debug|Any CPU
		{05F4EFA8-B2CC-4F5A-9807-DA2ACF3CAFCA}.Debug|x86.Build.0 = Debug|Any CPU
		{05F4EFA8-B2CC-4F5A-9807-DA2ACF3CAFCA}.Release|Any CPU.ActiveCfg = Release|Any CPU
		{05F4EFA8-B2CC-4F5A-9807-DA2ACF3CAFCA}.Release|Any CPU.Build.0 = Release|Any CPU
		{05F4EFA8-B2CC-4F5A-9807-DA2ACF3CAFCA}.Release|x64.ActiveCfg = Release|Any CPU
		{05F4EFA8-B2CC-4F5A-9807-DA2ACF3CAFCA}.Release|x64.Build.0 = Release|Any CPU
		{05F4EFA8-B2CC-4F5A-9807-DA2ACF3CAFCA}.Release|x86.ActiveCfg = Release|Any CPU
		{05F4EFA8-B2CC-4F5A-9807-DA2ACF3CAFCA}.Release|x86.Build.0 = Release|Any CPU
		{F93C7217-94B9-4C85-9F65-F00425862A73}.Debug|Any CPU.ActiveCfg = Debug|Any CPU
		{F93C7217-94B9-4C85-9F65-F00425862A73}.Debug|Any CPU.Build.0 = Debug|Any CPU
		{F93C7217-94B9-4C85-9F65-F00425862A73}.Debug|x64.ActiveCfg = Debug|Any CPU
		{F93C7217-94B9-4C85-9F65-F00425862A73}.Debug|x64.Build.0 = Debug|Any CPU
		{F93C7217-94B9-4C85-9F65-F00425862A73}.Debug|x86.ActiveCfg = Debug|Any CPU
		{F93C7217-94B9-4C85-9F65-F00425862A73}.Debug|x86.Build.0 = Debug|Any CPU
		{F93C7217-94B9-4C85-9F65-F00425862A73}.Release|Any CPU.ActiveCfg = Release|Any CPU
		{F93C7217-94B9-4C85-9F65-F00425862A73}.Release|Any CPU.Build.0 = Release|Any CPU
		{F93C7217-94B9-4C85-9F65-F00425862A73}.Release|x64.ActiveCfg = Release|Any CPU
		{F93C7217-94B9-4C85-9F65-F00425862A73}.Release|x64.Build.0 = Release|Any CPU
		{F93C7217-94B9-4C85-9F65-F00425862A73}.Release|x86.ActiveCfg = Release|Any CPU
		{F93C7217-94B9-4C85-9F65-F00425862A73}.Release|x86.Build.0 = Release|Any CPU
		{8C2DC58F-12BA-4658-B58F-B71451CD99E9}.Debug|Any CPU.ActiveCfg = Debug|Any CPU
		{8C2DC58F-12BA-4658-B58F-B71451CD99E9}.Debug|Any CPU.Build.0 = Debug|Any CPU
		{8C2DC58F-12BA-4658-B58F-B71451CD99E9}.Debug|x64.ActiveCfg = Debug|Any CPU
		{8C2DC58F-12BA-4658-B58F-B71451CD99E9}.Debug|x64.Build.0 = Debug|Any CPU
		{8C2DC58F-12BA-4658-B58F-B71451CD99E9}.Debug|x86.ActiveCfg = Debug|Any CPU
		{8C2DC58F-12BA-4658-B58F-B71451CD99E9}.Debug|x86.Build.0 = Debug|Any CPU
		{8C2DC58F-12BA-4658-B58F-B71451CD99E9}.Release|Any CPU.ActiveCfg = Release|Any CPU
		{8C2DC58F-12BA-4658-B58F-B71451CD99E9}.Release|Any CPU.Build.0 = Release|Any CPU
		{8C2DC58F-12BA-4658-B58F-B71451CD99E9}.Release|x64.ActiveCfg = Release|Any CPU
		{8C2DC58F-12BA-4658-B58F-B71451CD99E9}.Release|x64.Build.0 = Release|Any CPU
		{8C2DC58F-12BA-4658-B58F-B71451CD99E9}.Release|x86.ActiveCfg = Release|Any CPU
		{8C2DC58F-12BA-4658-B58F-B71451CD99E9}.Release|x86.Build.0 = Release|Any CPU
		{9B6A36E4-6DE3-483D-BDE0-6359209751BC}.Debug|Any CPU.ActiveCfg = Debug|Any CPU
		{9B6A36E4-6DE3-483D-BDE0-6359209751BC}.Debug|Any CPU.Build.0 = Debug|Any CPU
		{9B6A36E4-6DE3-483D-BDE0-6359209751BC}.Debug|x64.ActiveCfg = Debug|Any CPU
		{9B6A36E4-6DE3-483D-BDE0-6359209751BC}.Debug|x64.Build.0 = Debug|Any CPU
		{9B6A36E4-6DE3-483D-BDE0-6359209751BC}.Debug|x86.ActiveCfg = Debug|Any CPU
		{9B6A36E4-6DE3-483D-BDE0-6359209751BC}.Debug|x86.Build.0 = Debug|Any CPU
		{9B6A36E4-6DE3-483D-BDE0-6359209751BC}.Release|Any CPU.ActiveCfg = Release|Any CPU
		{9B6A36E4-6DE3-483D-BDE0-6359209751BC}.Release|Any CPU.Build.0 = Release|Any CPU
		{9B6A36E4-6DE3-483D-BDE0-6359209751BC}.Release|x64.ActiveCfg = Release|Any CPU
		{9B6A36E4-6DE3-483D-BDE0-6359209751BC}.Release|x64.Build.0 = Release|Any CPU
		{9B6A36E4-6DE3-483D-BDE0-6359209751BC}.Release|x86.ActiveCfg = Release|Any CPU
		{9B6A36E4-6DE3-483D-BDE0-6359209751BC}.Release|x86.Build.0 = Release|Any CPU
		{B84DD17D-212D-4836-957A-4B0A7F1B9F0E}.Debug|Any CPU.ActiveCfg = Debug|Any CPU
		{B84DD17D-212D-4836-957A-4B0A7F1B9F0E}.Debug|Any CPU.Build.0 = Debug|Any CPU
		{B84DD17D-212D-4836-957A-4B0A7F1B9F0E}.Debug|x64.ActiveCfg = Debug|Any CPU
		{B84DD17D-212D-4836-957A-4B0A7F1B9F0E}.Debug|x64.Build.0 = Debug|Any CPU
		{B84DD17D-212D-4836-957A-4B0A7F1B9F0E}.Debug|x86.ActiveCfg = Debug|Any CPU
		{B84DD17D-212D-4836-957A-4B0A7F1B9F0E}.Debug|x86.Build.0 = Debug|Any CPU
		{B84DD17D-212D-4836-957A-4B0A7F1B9F0E}.Release|Any CPU.ActiveCfg = Release|Any CPU
		{B84DD17D-212D-4836-957A-4B0A7F1B9F0E}.Release|Any CPU.Build.0 = Release|Any CPU
		{B84DD17D-212D-4836-957A-4B0A7F1B9F0E}.Release|x64.ActiveCfg = Release|Any CPU
		{B84DD17D-212D-4836-957A-4B0A7F1B9F0E}.Release|x64.Build.0 = Release|Any CPU
		{B84DD17D-212D-4836-957A-4B0A7F1B9F0E}.Release|x86.ActiveCfg = Release|Any CPU
		{B84DD17D-212D-4836-957A-4B0A7F1B9F0E}.Release|x86.Build.0 = Release|Any CPU
		{C24B4E70-6A87-4024-9962-E013584B6461}.Debug|Any CPU.ActiveCfg = Debug|Any CPU
		{C24B4E70-6A87-4024-9962-E013584B6461}.Debug|Any CPU.Build.0 = Debug|Any CPU
		{C24B4E70-6A87-4024-9962-E013584B6461}.Debug|x64.ActiveCfg = Debug|Any CPU
		{C24B4E70-6A87-4024-9962-E013584B6461}.Debug|x64.Build.0 = Debug|Any CPU
		{C24B4E70-6A87-4024-9962-E013584B6461}.Debug|x86.ActiveCfg = Debug|Any CPU
		{C24B4E70-6A87-4024-9962-E013584B6461}.Debug|x86.Build.0 = Debug|Any CPU
		{C24B4E70-6A87-4024-9962-E013584B6461}.Release|Any CPU.ActiveCfg = Release|Any CPU
		{C24B4E70-6A87-4024-9962-E013584B6461}.Release|Any CPU.Build.0 = Release|Any CPU
		{C24B4E70-6A87-4024-9962-E013584B6461}.Release|x64.ActiveCfg = Release|Any CPU
		{C24B4E70-6A87-4024-9962-E013584B6461}.Release|x64.Build.0 = Release|Any CPU
		{C24B4E70-6A87-4024-9962-E013584B6461}.Release|x86.ActiveCfg = Release|Any CPU
		{C24B4E70-6A87-4024-9962-E013584B6461}.Release|x86.Build.0 = Release|Any CPU
		{BC8666F6-0764-4103-BB86-0931EE0DE1AF}.Debug|Any CPU.ActiveCfg = Debug|Any CPU
		{BC8666F6-0764-4103-BB86-0931EE0DE1AF}.Debug|Any CPU.Build.0 = Debug|Any CPU
		{BC8666F6-0764-4103-BB86-0931EE0DE1AF}.Debug|x64.ActiveCfg = Debug|Any CPU
		{BC8666F6-0764-4103-BB86-0931EE0DE1AF}.Debug|x64.Build.0 = Debug|Any CPU
		{BC8666F6-0764-4103-BB86-0931EE0DE1AF}.Debug|x86.ActiveCfg = Debug|Any CPU
		{BC8666F6-0764-4103-BB86-0931EE0DE1AF}.Debug|x86.Build.0 = Debug|Any CPU
		{BC8666F6-0764-4103-BB86-0931EE0DE1AF}.Release|Any CPU.ActiveCfg = Release|Any CPU
		{BC8666F6-0764-4103-BB86-0931EE0DE1AF}.Release|Any CPU.Build.0 = Release|Any CPU
		{BC8666F6-0764-4103-BB86-0931EE0DE1AF}.Release|x64.ActiveCfg = Release|Any CPU
		{BC8666F6-0764-4103-BB86-0931EE0DE1AF}.Release|x64.Build.0 = Release|Any CPU
		{BC8666F6-0764-4103-BB86-0931EE0DE1AF}.Release|x86.ActiveCfg = Release|Any CPU
		{BC8666F6-0764-4103-BB86-0931EE0DE1AF}.Release|x86.Build.0 = Release|Any CPU
		{7E5DB000-615E-4C2A-8A51-2C0D19A2F35D}.Debug|Any CPU.ActiveCfg = Debug|Any CPU
		{7E5DB000-615E-4C2A-8A51-2C0D19A2F35D}.Debug|Any CPU.Build.0 = Debug|Any CPU
		{7E5DB000-615E-4C2A-8A51-2C0D19A2F35D}.Debug|x64.ActiveCfg = Debug|Any CPU
		{7E5DB000-615E-4C2A-8A51-2C0D19A2F35D}.Debug|x64.Build.0 = Debug|Any CPU
		{7E5DB000-615E-4C2A-8A51-2C0D19A2F35D}.Debug|x86.ActiveCfg = Debug|Any CPU
		{7E5DB000-615E-4C2A-8A51-2C0D19A2F35D}.Debug|x86.Build.0 = Debug|Any CPU
		{7E5DB000-615E-4C2A-8A51-2C0D19A2F35D}.Release|Any CPU.ActiveCfg = Release|Any CPU
		{7E5DB000-615E-4C2A-8A51-2C0D19A2F35D}.Release|Any CPU.Build.0 = Release|Any CPU
		{7E5DB000-615E-4C2A-8A51-2C0D19A2F35D}.Release|x64.ActiveCfg = Release|Any CPU
		{7E5DB000-615E-4C2A-8A51-2C0D19A2F35D}.Release|x64.Build.0 = Release|Any CPU
		{7E5DB000-615E-4C2A-8A51-2C0D19A2F35D}.Release|x86.ActiveCfg = Release|Any CPU
		{7E5DB000-615E-4C2A-8A51-2C0D19A2F35D}.Release|x86.Build.0 = Release|Any CPU
	EndGlobalSection
	GlobalSection(SolutionProperties) = preSolution
		HideSolutionNode = FALSE
	EndGlobalSection
	GlobalSection(NestedProjects) = preSolution
		{BEFBBFC0-EB8A-422A-9826-07927C7E23A5} = {361D4A0B-E63F-43B9-8DAD-BB16C6604867}
		{995AC0FF-9DD2-4E8E-BBFA-6E65D0CC7847} = {361D4A0B-E63F-43B9-8DAD-BB16C6604867}
		{F63FB81D-C1E4-4842-975A-4519D5BAE9A7} = {130DCA41-3A78-401F-A27A-201612DDF8C5}
		{6B2303A3-5733-46E6-9395-32AA5A64EE67} = {130DCA41-3A78-401F-A27A-201612DDF8C5}
		{05A25C09-FF05-4B60-9CE5-386E446A741E} = {30C4743E-AB9E-49BD-8F48-D376813B8824}
		{9CC7EB5D-1ADD-4D93-BC9C-5D51983742B8} = {01116369-E4F3-4067-8E1A-DC3B636B899E}
		{89E16C7B-9016-48AB-A27B-9CED77BF8B47} = {01116369-E4F3-4067-8E1A-DC3B636B899E}
		{0F1E0370-73E1-49B9-8B1A-B21C6F9926F8} = {9D70AF7F-18AF-4FC0-ACE7-74A687C0A9B3}
		{611AE9B2-C11A-4320-82C9-764B1B4E8B0E} = {526B625E-B3F9-4819-AF28-E587AC0F0550}
		{4355D629-88DA-4417-AF6E-9ACEB5FE3B5B} = {80481254-ACF5-4BF1-99DD-3B7D5754585F}
		{9AAFC7F7-29CD-497A-9BA6-CB8A81BE53AB} = {9D70AF7F-18AF-4FC0-ACE7-74A687C0A9B3}
		{6C1A5D18-259E-4E24-91ED-FED2FD242AE9} = {80481254-ACF5-4BF1-99DD-3B7D5754585F}
		{F9A4E5D7-BD89-4EB0-A12E-C9BD9D887C66} = {30C4743E-AB9E-49BD-8F48-D376813B8824}
		{6DC1A1CF-5EB4-4E0E-8B37-7D6CD602E65D} = {F9A4E5D7-BD89-4EB0-A12E-C9BD9D887C66}
		{01EE1672-896B-423C-B9F2-DBE0FE61063F} = {F9A4E5D7-BD89-4EB0-A12E-C9BD9D887C66}
		{0DFCA311-3AF8-4E13-9ABC-88238A5B9027} = {F9A4E5D7-BD89-4EB0-A12E-C9BD9D887C66}
		{BA4A789D-E3A2-4451-A26F-7DEB527E2404} = {0FF60C80-9251-4544-BB52-078EBE53A5F5}
		{0D1EDCB9-8374-436A-87F9-11F756C45699} = {0FF60C80-9251-4544-BB52-078EBE53A5F5}
		{F78E4260-150B-4092-98A5-EEAB69D48F2E} = {30C4743E-AB9E-49BD-8F48-D376813B8824}
		{AD5C1B7C-7269-4138-B043-F4651E2F404D} = {F78E4260-150B-4092-98A5-EEAB69D48F2E}
		{2F4714ED-DDF9-4123-9C31-AD875BB9A26F} = {F78E4260-150B-4092-98A5-EEAB69D48F2E}
		{6D5CCBA9-1CA9-41E6-AD22-D0652E15F6AC} = {2ACAAF7C-D461-4B57-8BFC-BACA9330CC2F}
		{38F595D0-BC84-4026-8458-9DBE9612257A} = {30C4743E-AB9E-49BD-8F48-D376813B8824}
		{20D8F874-E487-41A2-8F97-F30020D2D9BB} = {30C4743E-AB9E-49BD-8F48-D376813B8824}
		{3617B850-BEC2-4CD7-A676-43F1BAF093DE} = {30C4743E-AB9E-49BD-8F48-D376813B8824}
		{05F4EFA8-B2CC-4F5A-9807-DA2ACF3CAFCA} = {3617B850-BEC2-4CD7-A676-43F1BAF093DE}
		{F93C7217-94B9-4C85-9F65-F00425862A73} = {F9A4E5D7-BD89-4EB0-A12E-C9BD9D887C66}
		{8C2DC58F-12BA-4658-B58F-B71451CD99E9} = {9D70AF7F-18AF-4FC0-ACE7-74A687C0A9B3}
		{9B6A36E4-6DE3-483D-BDE0-6359209751BC} = {80481254-ACF5-4BF1-99DD-3B7D5754585F}
		{B84DD17D-212D-4836-957A-4B0A7F1B9F0E} = {526B625E-B3F9-4819-AF28-E587AC0F0550}
		{C24B4E70-6A87-4024-9962-E013584B6461} = {0FF60C80-9251-4544-BB52-078EBE53A5F5}
		{9D70AF7F-18AF-4FC0-ACE7-74A687C0A9B3} = {0FF60C80-9251-4544-BB52-078EBE53A5F5}
		{80481254-ACF5-4BF1-99DD-3B7D5754585F} = {0FF60C80-9251-4544-BB52-078EBE53A5F5}
		{526B625E-B3F9-4819-AF28-E587AC0F0550} = {0FF60C80-9251-4544-BB52-078EBE53A5F5}
		{01116369-E4F3-4067-8E1A-DC3B636B899E} = {0FF60C80-9251-4544-BB52-078EBE53A5F5}
		{BC8666F6-0764-4103-BB86-0931EE0DE1AF} = {9D70AF7F-18AF-4FC0-ACE7-74A687C0A9B3}
		{7E5DB000-615E-4C2A-8A51-2C0D19A2F35D} = {01116369-E4F3-4067-8E1A-DC3B636B899E}
	EndGlobalSection
	GlobalSection(ExtensibilityGlobals) = postSolution
		SolutionGuid = {882EBB42-21F4-4BC0-805A-088422CBB28C}
	EndGlobalSection
EndGlobal
